<?xml version="1.0" encoding="UTF-8"?>
<!DOCTYPE plist PUBLIC "-//Apple//DTD PLIST 1.0//EN" "http://www.apple.com/DTDs/PropertyList-1.0.dtd">
<plist version="1.0">
<dict>
	<key>archiveVersion</key>
	<string>1</string>
	<key>classes</key>
	<dict/>
	<key>objectVersion</key>
	<string>77</string>
	<key>objects</key>
	<dict>
		<key>604BFF652D238120004DA734</key>
		<dict>
			<key>children</key>
			<array>
				<string>604BFF702D238120004DA734</string>
				<string>604BFF812D238122004DA734</string>
				<string>604BFF8B2D238122004DA734</string>
				<string>AA0001022D238122004DA734</string>
				<string>604BFF6F2D238120004DA734</string>
				<string>AA0000032D238122004DA734</string>
				<string>BB0001060000000000000001</string>
				<string>CC0001000000000000000001</string>
				<string>CC0001010000000000000001</string>
			</array>
			<key>isa</key>
			<string>PBXGroup</string>
			<key>sourceTree</key>
			<string>&lt;group&gt;</string>
		</dict>
		<key>604BFF662D238120004DA734</key>
		<dict>
			<key>attributes</key>
			<dict>
				<key>BuildIndependentTargetsInParallel</key>
				<string>1</string>
				<key>LastSwiftUpdateCheck</key>
				<string>1600</string>
				<key>LastUpgradeCheck</key>
				<string>2630</string>
				<key>TargetAttributes</key>
				<dict>
					<key>604BFF6D2D238120004DA734</key>
					<dict>
						<key>CreatedOnToolsVersion</key>
						<string>16.0</string>
					</dict>
					<key>604BFF7D2D238122004DA734</key>
					<dict>
						<key>CreatedOnToolsVersion</key>
						<string>16.0</string>
						<key>TestTargetID</key>
						<string>604BFF6D2D238120004DA734</string>
					</dict>
					<key>604BFF872D238122004DA734</key>
					<dict>
						<key>CreatedOnToolsVersion</key>
						<string>16.0</string>
						<key>TestTargetID</key>
						<string>604BFF6D2D238120004DA734</string>
					</dict>
					<key>AA0001062D238122004DA734</key>
					<dict>
						<key>CreatedOnToolsVersion</key>
						<string>16.0</string>
					</dict>
					<key>CC0001090000000000000001</key>
					<dict>
						<key>CreatedOnToolsVersion</key>
						<string>16.0</string>
					</dict>
					<key>DD0001070000000000000001</key>
					<dict>
						<key>CreatedOnToolsVersion</key>
						<string>16.0</string>
					</dict>
				</dict>
			</dict>
			<key>buildConfigurationList</key>
			<string>604BFF692D238120004DA734</string>
			<key>developmentRegion</key>
			<string>en</string>
			<key>hasScannedForEncodings</key>
			<string>0</string>
			<key>isa</key>
			<string>PBXProject</string>
			<key>knownRegions</key>
			<array>
				<string>en</string>
				<string>Base</string>
			</array>
			<key>mainGroup</key>
			<string>604BFF652D238120004DA734</string>
			<key>minimizedProjectReferenceProxies</key>
			<string>1</string>
			<key>preferredProjectObjectVersion</key>
			<string>77</string>
			<key>productRefGroup</key>
			<string>604BFF6F2D238120004DA734</string>
			<key>projectDirPath</key>
			<string></string>
			<key>projectRoot</key>
			<string></string>
			<key>targets</key>
			<array>
				<string>604BFF6D2D238120004DA734</string>
				<string>604BFF7D2D238122004DA734</string>
				<string>604BFF872D238122004DA734</string>
				<string>AA0001062D238122004DA734</string>
				<string>BB0001100000000000000001</string>
				<string>CC0001090000000000000001</string>
				<string>DD0001070000000000000001</string>
			</array>
		</dict>
		<key>604BFF692D238120004DA734</key>
		<dict>
			<key>buildConfigurations</key>
			<array>
				<string>604BFF902D238122004DA734</string>
				<string>604BFF912D238122004DA734</string>
			</array>
			<key>defaultConfigurationIsVisible</key>
			<string>0</string>
			<key>defaultConfigurationName</key>
			<string>Release</string>
			<key>isa</key>
			<string>XCConfigurationList</string>
		</dict>
		<key>604BFF6A2D238120004DA734</key>
		<dict>
			<key>buildActionMask</key>
			<string>2147483647</string>
			<key>files</key>
			<array/>
			<key>isa</key>
			<string>PBXSourcesBuildPhase</string>
			<key>runOnlyForDeploymentPostprocessing</key>
			<string>0</string>
		</dict>
		<key>604BFF6B2D238120004DA734</key>
		<dict>
			<key>buildActionMask</key>
			<string>2147483647</string>
			<key>files</key>
			<array/>
			<key>isa</key>
			<string>PBXFrameworksBuildPhase</string>
			<key>runOnlyForDeploymentPostprocessing</key>
			<string>0</string>
		</dict>
		<key>604BFF6C2D238120004DA734</key>
		<dict>
			<key>buildActionMask</key>
			<string>2147483647</string>
			<key>files</key>
			<array/>
			<key>isa</key>
			<string>PBXResourcesBuildPhase</string>
			<key>runOnlyForDeploymentPostprocessing</key>
			<string>0</string>
		</dict>
		<key>604BFF6D2D238120004DA734</key>
		<dict>
			<key>buildConfigurationList</key>
			<string>604BFF922D238122004DA734</string>
			<key>buildPhases</key>
			<array>
				<string>604BFF6A2D238120004DA734</string>
				<string>604BFF6B2D238120004DA734</string>
				<string>604BFF6C2D238120004DA734</string>
			</array>
			<key>buildRules</key>
			<array/>
			<key>dependencies</key>
			<array/>
			<key>fileSystemSynchronizedGroups</key>
			<array>
				<string>604BFF702D238120004DA734</string>
			</array>
			<key>isa</key>
			<string>PBXNativeTarget</string>
			<key>name</key>
			<string>AerialLandscapes</string>
			<key>packageProductDependencies</key>
			<array/>
			<key>productName</key>
			<string>AerialLandscapes</string>
			<key>productReference</key>
			<string>604BFF6E2D238120004DA734</string>
			<key>productType</key>
			<string>com.apple.product-type.application</string>
		</dict>
		<key>604BFF6E2D238120004DA734</key>
		<dict>
			<key>explicitFileType</key>
			<string>wrapper.application</string>
			<key>includeInIndex</key>
			<string>0</string>
			<key>isa</key>
			<string>PBXFileReference</string>
			<key>path</key>
			<string>AerialLandscapes.app</string>
			<key>sourceTree</key>
			<string>BUILT_PRODUCTS_DIR</string>
		</dict>
		<key>604BFF6F2D238120004DA734</key>
		<dict>
			<key>children</key>
			<array>
				<string>604BFF6E2D238120004DA734</string>
				<string>604BFF7E2D238122004DA734</string>
				<string>604BFF882D238122004DA734</string>
				<string>AA0001012D238122004DA734</string>
				<string>BB0001010000000000000001</string>
				<string>CC0001020000000000000001</string>
				<string>DD0001000000000000000001</string>
			</array>
			<key>isa</key>
			<string>PBXGroup</string>
			<key>name</key>
			<string>Products</string>
			<key>sourceTree</key>
			<string>&lt;group&gt;</string>
		</dict>
		<key>604BFF702D238120004DA734</key>
		<dict>
			<key>isa</key>
			<string>PBXFileSystemSynchronizedRootGroup</string>
			<key>path</key>
			<string>AerialLandscapes</string>
			<key>sourceTree</key>
			<string>&lt;group&gt;</string>
		</dict>
		<key>604BFF7A2D238122004DA734</key>
		<dict>
			<key>buildActionMask</key>
			<string>2147483647</string>
			<key>files</key>
			<array/>
			<key>isa</key>
			<string>PBXSourcesBuildPhase</string>
			<key>runOnlyForDeploymentPostprocessing</key>
			<string>0</string>
		</dict>
		<key>604BFF7B2D238122004DA734</key>
		<dict>
			<key>buildActionMask</key>
			<string>2147483647</string>
			<key>files</key>
			<array/>
			<key>isa</key>
			<string>PBXFrameworksBuildPhase</string>
			<key>runOnlyForDeploymentPostprocessing</key>
			<string>0</string>
		</dict>
		<key>604BFF7C2D238122004DA734</key>
		<dict>
			<key>buildActionMask</key>
			<string>2147483647</string>
			<key>files</key>
			<array/>
			<key>isa</key>
			<string>PBXResourcesBuildPhase</string>
			<key>runOnlyForDeploymentPostprocessing</key>
			<string>0</string>
		</dict>
		<key>604BFF7D2D238122004DA734</key>
		<dict>
			<key>buildConfigurationList</key>
			<string>604BFF952D238122004DA734</string>
			<key>buildPhases</key>
			<array>
				<string>604BFF7A2D238122004DA734</string>
				<string>604BFF7B2D238122004DA734</string>
				<string>604BFF7C2D238122004DA734</string>
			</array>
			<key>buildRules</key>
			<array/>
			<key>dependencies</key>
			<array>
				<string>604BFF802D238122004DA734</string>
			</array>
			<key>fileSystemSynchronizedGroups</key>
			<array>
				<string>604BFF812D238122004DA734</string>
			</array>
			<key>isa</key>
			<string>PBXNativeTarget</string>
			<key>name</key>
			<string>AerialLandscapesTests</string>
			<key>packageProductDependencies</key>
			<array/>
			<key>productName</key>
			<string>AerialLandscapesTests</string>
			<key>productReference</key>
			<string>604BFF7E2D238122004DA734</string>
			<key>productType</key>
			<string>com.apple.product-type.bundle.unit-test</string>
		</dict>
		<key>604BFF7E2D238122004DA734</key>
		<dict>
			<key>explicitFileType</key>
			<string>wrapper.cfbundle</string>
			<key>includeInIndex</key>
			<string>0</string>
			<key>isa</key>
			<string>PBXFileReference</string>
			<key>path</key>
			<string>AerialLandscapesTests.xctest</string>
			<key>sourceTree</key>
			<string>BUILT_PRODUCTS_DIR</string>
		</dict>
		<key>604BFF7F2D238122004DA734</key>
		<dict>
			<key>containerPortal</key>
			<string>604BFF662D238120004DA734</string>
			<key>isa</key>
			<string>PBXContainerItemProxy</string>
			<key>proxyType</key>
			<string>1</string>
			<key>remoteGlobalIDString</key>
			<string>604BFF6D2D238120004DA734</string>
			<key>remoteInfo</key>
			<string>AerialLandscapes</string>
		</dict>
		<key>604BFF802D238122004DA734</key>
		<dict>
			<key>isa</key>
			<string>PBXTargetDependency</string>
			<key>target</key>
			<string>604BFF6D2D238120004DA734</string>
			<key>targetProxy</key>
			<string>604BFF7F2D238122004DA734</string>
		</dict>
		<key>604BFF812D238122004DA734</key>
		<dict>
			<key>isa</key>
			<string>PBXFileSystemSynchronizedRootGroup</string>
			<key>path</key>
			<string>AerialLandscapesTests</string>
			<key>sourceTree</key>
			<string>&lt;group&gt;</string>
		</dict>
		<key>604BFF842D238122004DA734</key>
		<dict>
			<key>buildActionMask</key>
			<string>2147483647</string>
			<key>files</key>
			<array/>
			<key>isa</key>
			<string>PBXSourcesBuildPhase</string>
			<key>runOnlyForDeploymentPostprocessing</key>
			<string>0</string>
		</dict>
		<key>604BFF852D238122004DA734</key>
		<dict>
			<key>buildActionMask</key>
			<string>2147483647</string>
			<key>files</key>
			<array/>
			<key>isa</key>
			<string>PBXFrameworksBuildPhase</string>
			<key>runOnlyForDeploymentPostprocessing</key>
			<string>0</string>
		</dict>
		<key>604BFF862D238122004DA734</key>
		<dict>
			<key>buildActionMask</key>
			<string>2147483647</string>
			<key>files</key>
			<array/>
			<key>isa</key>
			<string>PBXResourcesBuildPhase</string>
			<key>runOnlyForDeploymentPostprocessing</key>
			<string>0</string>
		</dict>
		<key>604BFF872D238122004DA734</key>
		<dict>
			<key>buildConfigurationList</key>
			<string>604BFF982D238122004DA734</string>
			<key>buildPhases</key>
			<array>
				<string>604BFF842D238122004DA734</string>
				<string>604BFF852D238122004DA734</string>
				<string>604BFF862D238122004DA734</string>
			</array>
			<key>buildRules</key>
			<array/>
			<key>dependencies</key>
			<array>
				<string>604BFF8A2D238122004DA734</string>
			</array>
			<key>fileSystemSynchronizedGroups</key>
			<array>
				<string>604BFF8B2D238122004DA734</string>
			</array>
			<key>isa</key>
			<string>PBXNativeTarget</string>
			<key>name</key>
			<string>AerialLandscapesUITests</string>
			<key>packageProductDependencies</key>
			<array/>
			<key>productName</key>
			<string>AerialLandscapesUITests</string>
			<key>productReference</key>
			<string>604BFF882D238122004DA734</string>
			<key>productType</key>
			<string>com.apple.product-type.bundle.ui-testing</string>
		</dict>
		<key>604BFF882D238122004DA734</key>
		<dict>
			<key>explicitFileType</key>
			<string>wrapper.cfbundle</string>
			<key>includeInIndex</key>
			<string>0</string>
			<key>isa</key>
			<string>PBXFileReference</string>
			<key>path</key>
			<string>AerialLandscapesUITests.xctest</string>
			<key>sourceTree</key>
			<string>BUILT_PRODUCTS_DIR</string>
		</dict>
		<key>604BFF892D238122004DA734</key>
		<dict>
			<key>containerPortal</key>
			<string>604BFF662D238120004DA734</string>
			<key>isa</key>
			<string>PBXContainerItemProxy</string>
			<key>proxyType</key>
			<string>1</string>
			<key>remoteGlobalIDString</key>
			<string>604BFF6D2D238120004DA734</string>
			<key>remoteInfo</key>
			<string>AerialLandscapes</string>
		</dict>
		<key>604BFF8A2D238122004DA734</key>
		<dict>
			<key>isa</key>
			<string>PBXTargetDependency</string>
			<key>target</key>
			<string>604BFF6D2D238120004DA734</string>
			<key>targetProxy</key>
			<string>604BFF892D238122004DA734</string>
		</dict>
		<key>604BFF8B2D238122004DA734</key>
		<dict>
			<key>isa</key>
			<string>PBXFileSystemSynchronizedRootGroup</string>
			<key>path</key>
			<string>AerialLandscapesUITests</string>
			<key>sourceTree</key>
			<string>&lt;group&gt;</string>
		</dict>
		<key>604BFF902D238122004DA734</key>
		<dict>
			<key>buildSettings</key>
			<dict>
				<key>ALWAYS_SEARCH_USER_PATHS</key>
				<string>NO</string>
				<key>ASSETCATALOG_COMPILER_GENERATE_SWIFT_ASSET_SYMBOL_EXTENSIONS</key>
				<string>YES</string>
				<key>CLANG_ANALYZER_NONNULL</key>
				<string>YES</string>
				<key>CLANG_ANALYZER_NUMBER_OBJECT_CONVERSION</key>
				<string>YES_AGGRESSIVE</string>
				<key>CLANG_CXX_LANGUAGE_STANDARD</key>
				<string>gnu++20</string>
				<key>CLANG_ENABLE_MODULES</key>
				<string>YES</string>
				<key>CLANG_ENABLE_OBJC_ARC</key>
				<string>YES</string>
				<key>CLANG_ENABLE_OBJC_WEAK</key>
				<string>YES</string>
				<key>CLANG_WARN_BLOCK_CAPTURE_AUTORELEASING</key>
				<string>YES</string>
				<key>CLANG_WARN_BOOL_CONVERSION</key>
				<string>YES</string>
				<key>CLANG_WARN_COMMA</key>
				<string>YES</string>
				<key>CLANG_WARN_CONSTANT_CONVERSION</key>
				<string>YES</string>
				<key>CLANG_WARN_DEPRECATED_OBJC_IMPLEMENTATIONS</key>
				<string>YES</string>
				<key>CLANG_WARN_DIRECT_OBJC_ISA_USAGE</key>
				<string>YES_ERROR</string>
				<key>CLANG_WARN_DOCUMENTATION_COMMENTS</key>
				<string>YES</string>
				<key>CLANG_WARN_EMPTY_BODY</key>
				<string>YES</string>
				<key>CLANG_WARN_ENUM_CONVERSION</key>
				<string>YES</string>
				<key>CLANG_WARN_INFINITE_RECURSION</key>
				<string>YES</string>
				<key>CLANG_WARN_INT_CONVERSION</key>
				<string>YES</string>
				<key>CLANG_WARN_NON_LITERAL_NULL_CONVERSION</key>
				<string>YES</string>
				<key>CLANG_WARN_OBJC_IMPLICIT_RETAIN_SELF</key>
				<string>YES</string>
				<key>CLANG_WARN_OBJC_LITERAL_CONVERSION</key>
				<string>YES</string>
				<key>CLANG_WARN_OBJC_ROOT_CLASS</key>
				<string>YES_ERROR</string>
				<key>CLANG_WARN_QUOTED_INCLUDE_IN_FRAMEWORK_HEADER</key>
				<string>YES</string>
				<key>CLANG_WARN_RANGE_LOOP_ANALYSIS</key>
				<string>YES</string>
				<key>CLANG_WARN_STRICT_PROTOTYPES</key>
				<string>YES</string>
				<key>CLANG_WARN_SUSPICIOUS_MOVE</key>
				<string>YES</string>
				<key>CLANG_WARN_UNGUARDED_AVAILABILITY</key>
				<string>YES_AGGRESSIVE</string>
				<key>CLANG_WARN_UNREACHABLE_CODE</key>
				<string>YES</string>
				<key>CLANG_WARN__DUPLICATE_METHOD_MATCH</key>
				<string>YES</string>
				<key>COPY_PHASE_STRIP</key>
				<string>NO</string>
				<key>DEBUG_INFORMATION_FORMAT</key>
				<string>dwarf</string>
				<key>DEVELOPMENT_TEAM</key>
				<string>D2GRT69L42</string>
				<key>ENABLE_STRICT_OBJC_MSGSEND</key>
				<string>YES</string>
				<key>ENABLE_TESTABILITY</key>
				<string>YES</string>
				<key>ENABLE_USER_SCRIPT_SANDBOXING</key>
				<string>YES</string>
				<key>GCC_C_LANGUAGE_STANDARD</key>
				<string>gnu17</string>
				<key>GCC_DYNAMIC_NO_PIC</key>
				<string>NO</string>
				<key>GCC_NO_COMMON_BLOCKS</key>
				<string>YES</string>
				<key>GCC_OPTIMIZATION_LEVEL</key>
				<string>0</string>
				<key>GCC_PREPROCESSOR_DEFINITIONS</key>
				<array>
					<string>DEBUG=1</string>
					<string>$(inherited)</string>
				</array>
				<key>GCC_WARN_64_TO_32_BIT_CONVERSION</key>
				<string>YES</string>
				<key>GCC_WARN_ABOUT_RETURN_TYPE</key>
				<string>YES_ERROR</string>
				<key>GCC_WARN_UNDECLARED_SELECTOR</key>
				<string>YES</string>
				<key>GCC_WARN_UNINITIALIZED_AUTOS</key>
				<string>YES_AGGRESSIVE</string>
				<key>GCC_WARN_UNUSED_FUNCTION</key>
				<string>YES</string>
				<key>GCC_WARN_UNUSED_VARIABLE</key>
				<string>YES</string>
				<key>LOCALIZATION_PREFERS_STRING_CATALOGS</key>
				<string>YES</string>
				<key>MTL_ENABLE_DEBUG_INFO</key>
				<string>INCLUDE_SOURCE</string>
				<key>MTL_FAST_MATH</key>
				<string>YES</string>
				<key>ONLY_ACTIVE_ARCH</key>
				<string>YES</string>
				<key>SDKROOT</key>
				<string>appletvos</string>
				<key>STRING_CATALOG_GENERATE_SYMBOLS</key>
				<string>YES</string>
				<key>SWIFT_ACTIVE_COMPILATION_CONDITIONS</key>
				<string>DEBUG $(inherited)</string>
				<key>SWIFT_OPTIMIZATION_LEVEL</key>
				<string>-Onone</string>
				<key>TVOS_DEPLOYMENT_TARGET</key>
				<string>18.0</string>
			</dict>
			<key>isa</key>
			<string>XCBuildConfiguration</string>
			<key>name</key>
			<string>Debug</string>
		</dict>
		<key>604BFF912D238122004DA734</key>
		<dict>
			<key>buildSettings</key>
			<dict>
				<key>ALWAYS_SEARCH_USER_PATHS</key>
				<string>NO</string>
				<key>ASSETCATALOG_COMPILER_GENERATE_SWIFT_ASSET_SYMBOL_EXTENSIONS</key>
				<string>YES</string>
				<key>CLANG_ANALYZER_NONNULL</key>
				<string>YES</string>
				<key>CLANG_ANALYZER_NUMBER_OBJECT_CONVERSION</key>
				<string>YES_AGGRESSIVE</string>
				<key>CLANG_CXX_LANGUAGE_STANDARD</key>
				<string>gnu++20</string>
				<key>CLANG_ENABLE_MODULES</key>
				<string>YES</string>
				<key>CLANG_ENABLE_OBJC_ARC</key>
				<string>YES</string>
				<key>CLANG_ENABLE_OBJC_WEAK</key>
				<string>YES</string>
				<key>CLANG_WARN_BLOCK_CAPTURE_AUTORELEASING</key>
				<string>YES</string>
				<key>CLANG_WARN_BOOL_CONVERSION</key>
				<string>YES</string>
				<key>CLANG_WARN_COMMA</key>
				<string>YES</string>
				<key>CLANG_WARN_CONSTANT_CONVERSION</key>
				<string>YES</string>
				<key>CLANG_WARN_DEPRECATED_OBJC_IMPLEMENTATIONS</key>
				<string>YES</string>
				<key>CLANG_WARN_DIRECT_OBJC_ISA_USAGE</key>
				<string>YES_ERROR</string>
				<key>CLANG_WARN_DOCUMENTATION_COMMENTS</key>
				<string>YES</string>
				<key>CLANG_WARN_EMPTY_BODY</key>
				<string>YES</string>
				<key>CLANG_WARN_ENUM_CONVERSION</key>
				<string>YES</string>
				<key>CLANG_WARN_INFINITE_RECURSION</key>
				<string>YES</string>
				<key>CLANG_WARN_INT_CONVERSION</key>
				<string>YES</string>
				<key>CLANG_WARN_NON_LITERAL_NULL_CONVERSION</key>
				<string>YES</string>
				<key>CLANG_WARN_OBJC_IMPLICIT_RETAIN_SELF</key>
				<string>YES</string>
				<key>CLANG_WARN_OBJC_LITERAL_CONVERSION</key>
				<string>YES</string>
				<key>CLANG_WARN_OBJC_ROOT_CLASS</key>
				<string>YES_ERROR</string>
				<key>CLANG_WARN_QUOTED_INCLUDE_IN_FRAMEWORK_HEADER</key>
				<string>YES</string>
				<key>CLANG_WARN_RANGE_LOOP_ANALYSIS</key>
				<string>YES</string>
				<key>CLANG_WARN_STRICT_PROTOTYPES</key>
				<string>YES</string>
				<key>CLANG_WARN_SUSPICIOUS_MOVE</key>
				<string>YES</string>
				<key>CLANG_WARN_UNGUARDED_AVAILABILITY</key>
				<string>YES_AGGRESSIVE</string>
				<key>CLANG_WARN_UNREACHABLE_CODE</key>
				<string>YES</string>
				<key>CLANG_WARN__DUPLICATE_METHOD_MATCH</key>
				<string>YES</string>
				<key>COPY_PHASE_STRIP</key>
				<string>NO</string>
				<key>DEBUG_INFORMATION_FORMAT</key>
				<string>dwarf-with-dsym</string>
				<key>DEVELOPMENT_TEAM</key>
				<string>D2GRT69L42</string>
				<key>ENABLE_NS_ASSERTIONS</key>
				<string>NO</string>
				<key>ENABLE_STRICT_OBJC_MSGSEND</key>
				<string>YES</string>
				<key>ENABLE_USER_SCRIPT_SANDBOXING</key>
				<string>YES</string>
				<key>GCC_C_LANGUAGE_STANDARD</key>
				<string>gnu17</string>
				<key>GCC_NO_COMMON_BLOCKS</key>
				<string>YES</string>
				<key>GCC_WARN_64_TO_32_BIT_CONVERSION</key>
				<string>YES</string>
				<key>GCC_WARN_ABOUT_RETURN_TYPE</key>
				<string>YES_ERROR</string>
				<key>GCC_WARN_UNDECLARED_SELECTOR</key>
				<string>YES</string>
				<key>GCC_WARN_UNINITIALIZED_AUTOS</key>
				<string>YES_AGGRESSIVE</string>
				<key>GCC_WARN_UNUSED_FUNCTION</key>
				<string>YES</string>
				<key>GCC_WARN_UNUSED_VARIABLE</key>
				<string>YES</string>
				<key>LOCALIZATION_PREFERS_STRING_CATALOGS</key>
				<string>YES</string>
				<key>MTL_ENABLE_DEBUG_INFO</key>
				<string>NO</string>
				<key>MTL_FAST_MATH</key>
				<string>YES</string>
				<key>SDKROOT</key>
				<string>appletvos</string>
				<key>STRING_CATALOG_GENERATE_SYMBOLS</key>
				<string>YES</string>
				<key>SWIFT_COMPILATION_MODE</key>
				<string>wholemodule</string>
				<key>TVOS_DEPLOYMENT_TARGET</key>
				<string>18.0</string>
				<key>VALIDATE_PRODUCT</key>
				<string>YES</string>
			</dict>
			<key>isa</key>
			<string>XCBuildConfiguration</string>
			<key>name</key>
			<string>Release</string>
		</dict>
		<key>604BFF922D238122004DA734</key>
		<dict>
			<key>buildConfigurations</key>
			<array>
				<string>604BFF932D238122004DA734</string>
				<string>604BFF942D238122004DA734</string>
			</array>
			<key>defaultConfigurationIsVisible</key>
			<string>0</string>
			<key>defaultConfigurationName</key>
			<string>Release</string>
			<key>isa</key>
			<string>XCConfigurationList</string>
		</dict>
		<key>604BFF932D238122004DA734</key>
		<dict>
			<key>buildSettings</key>
			<dict>
				<key>ASSETCATALOG_COMPILER_APPICON_NAME</key>
				<string>App Icon &amp; Top Shelf Image</string>
				<key>ASSETCATALOG_COMPILER_GLOBAL_ACCENT_COLOR_NAME</key>
				<string>AccentColor</string>
				<key>CODE_SIGN_IDENTITY[sdk=appletvos*]</key>
				<string>iPhone Distribution</string>
				<key>CODE_SIGN_STYLE</key>
				<string>Manual</string>
				<key>CURRENT_PROJECT_VERSION</key>
				<string>7</string>
				<key>DEVELOPMENT_ASSET_PATHS</key>
				<string>"AerialLandscapes/Preview Content"</string>
				<key>DEVELOPMENT_TEAM</key>
				<string></string>
				<key>DEVELOPMENT_TEAM[sdk=appletvos*]</key>
				<string>D2GRT69L42</string>
				<key>ENABLE_PREVIEWS</key>
				<string>YES</string>
				<key>GENERATE_INFOPLIST_FILE</key>
				<string>YES</string>
				<key>INFOPLIST_KEY_UILaunchScreen_Generation</key>
				<string>YES</string>
				<key>INFOPLIST_KEY_UIUserInterfaceStyle</key>
				<string>Automatic</string>
				<key>LD_RUNPATH_SEARCH_PATHS</key>
				<array>
					<string>$(inherited)</string>
					<string>@executable_path/Frameworks</string>
				</array>
				<key>MARKETING_VERSION</key>
				<string>2.3</string>
				<key>PRODUCT_BUNDLE_IDENTIFIER</key>
				<string>pjloury.AerialLandscapes</string>
				<key>PRODUCT_NAME</key>
				<string>$(TARGET_NAME)</string>
				<key>PROVISIONING_PROFILE_SPECIFIER</key>
				<string></string>
				<key>PROVISIONING_PROFILE_SPECIFIER[sdk=appletvos*]</key>
				<string>Aerial Landscapes tvOS Appstore PP</string>
				<key>SWIFT_EMIT_LOC_STRINGS</key>
				<string>YES</string>
				<key>SWIFT_VERSION</key>
				<string>5.0</string>
				<key>TARGETED_DEVICE_FAMILY</key>
				<string>3</string>
			</dict>
			<key>isa</key>
			<string>XCBuildConfiguration</string>
			<key>name</key>
			<string>Debug</string>
		</dict>
		<key>604BFF942D238122004DA734</key>
		<dict>
			<key>buildSettings</key>
			<dict>
				<key>ASSETCATALOG_COMPILER_APPICON_NAME</key>
				<string>App Icon &amp; Top Shelf Image</string>
				<key>ASSETCATALOG_COMPILER_GLOBAL_ACCENT_COLOR_NAME</key>
				<string>AccentColor</string>
				<key>CODE_SIGN_IDENTITY[sdk=appletvos*]</key>
				<string>iPhone Distribution</string>
				<key>CODE_SIGN_STYLE</key>
				<string>Manual</string>
				<key>CURRENT_PROJECT_VERSION</key>
				<string>7</string>
				<key>DEVELOPMENT_ASSET_PATHS</key>
				<string>"AerialLandscapes/Preview Content"</string>
				<key>DEVELOPMENT_TEAM</key>
				<string></string>
				<key>DEVELOPMENT_TEAM[sdk=appletvos*]</key>
				<string>D2GRT69L42</string>
				<key>ENABLE_PREVIEWS</key>
				<string>YES</string>
				<key>GENERATE_INFOPLIST_FILE</key>
				<string>YES</string>
				<key>INFOPLIST_KEY_UILaunchScreen_Generation</key>
				<string>YES</string>
				<key>INFOPLIST_KEY_UIUserInterfaceStyle</key>
				<string>Automatic</string>
				<key>LD_RUNPATH_SEARCH_PATHS</key>
				<array>
					<string>$(inherited)</string>
					<string>@executable_path/Frameworks</string>
				</array>
				<key>MARKETING_VERSION</key>
				<string>2.3</string>
				<key>PRODUCT_BUNDLE_IDENTIFIER</key>
				<string>pjloury.AerialLandscapes</string>
				<key>PRODUCT_NAME</key>
				<string>$(TARGET_NAME)</string>
				<key>PROVISIONING_PROFILE_SPECIFIER</key>
				<string></string>
				<key>PROVISIONING_PROFILE_SPECIFIER[sdk=appletvos*]</key>
				<string>Aerial Landscapes tvOS Appstore PP</string>
				<key>SWIFT_EMIT_LOC_STRINGS</key>
				<string>YES</string>
				<key>SWIFT_VERSION</key>
				<string>5.0</string>
				<key>TARGETED_DEVICE_FAMILY</key>
				<string>3</string>
			</dict>
			<key>isa</key>
			<string>XCBuildConfiguration</string>
			<key>name</key>
			<string>Release</string>
		</dict>
		<key>604BFF952D238122004DA734</key>
		<dict>
			<key>buildConfigurations</key>
			<array>
				<string>604BFF962D238122004DA734</string>
				<string>604BFF972D238122004DA734</string>
			</array>
			<key>defaultConfigurationIsVisible</key>
			<string>0</string>
			<key>defaultConfigurationName</key>
			<string>Release</string>
			<key>isa</key>
			<string>XCConfigurationList</string>
		</dict>
		<key>604BFF962D238122004DA734</key>
		<dict>
			<key>buildSettings</key>
			<dict>
				<key>BUNDLE_LOADER</key>
				<string>$(TEST_HOST)</string>
				<key>CODE_SIGN_STYLE</key>
				<string>Automatic</string>
				<key>CURRENT_PROJECT_VERSION</key>
				<string>4</string>
				<key>GENERATE_INFOPLIST_FILE</key>
				<string>YES</string>
				<key>MARKETING_VERSION</key>
				<string>1.1</string>
				<key>PRODUCT_BUNDLE_IDENTIFIER</key>
				<string>pjloury.AerialLandscapesTests</string>
				<key>PRODUCT_NAME</key>
				<string>$(TARGET_NAME)</string>
				<key>SWIFT_EMIT_LOC_STRINGS</key>
				<string>NO</string>
				<key>SWIFT_VERSION</key>
				<string>5.0</string>
				<key>TARGETED_DEVICE_FAMILY</key>
				<string>3</string>
				<key>TEST_HOST</key>
				<string>$(BUILT_PRODUCTS_DIR)/AerialLandscapes.app/$(BUNDLE_EXECUTABLE_FOLDER_PATH)/AerialLandscapes</string>
				<key>TVOS_DEPLOYMENT_TARGET</key>
				<string>18.0</string>
			</dict>
			<key>isa</key>
			<string>XCBuildConfiguration</string>
			<key>name</key>
			<string>Debug</string>
		</dict>
		<key>604BFF972D238122004DA734</key>
		<dict>
			<key>buildSettings</key>
			<dict>
				<key>BUNDLE_LOADER</key>
				<string>$(TEST_HOST)</string>
				<key>CODE_SIGN_STYLE</key>
				<string>Automatic</string>
				<key>CURRENT_PROJECT_VERSION</key>
				<string>4</string>
				<key>GENERATE_INFOPLIST_FILE</key>
				<string>YES</string>
				<key>MARKETING_VERSION</key>
				<string>1.1</string>
				<key>PRODUCT_BUNDLE_IDENTIFIER</key>
				<string>pjloury.AerialLandscapesTests</string>
				<key>PRODUCT_NAME</key>
				<string>$(TARGET_NAME)</string>
				<key>SWIFT_EMIT_LOC_STRINGS</key>
				<string>NO</string>
				<key>SWIFT_VERSION</key>
				<string>5.0</string>
				<key>TARGETED_DEVICE_FAMILY</key>
				<string>3</string>
				<key>TEST_HOST</key>
				<string>$(BUILT_PRODUCTS_DIR)/AerialLandscapes.app/$(BUNDLE_EXECUTABLE_FOLDER_PATH)/AerialLandscapes</string>
				<key>TVOS_DEPLOYMENT_TARGET</key>
				<string>18.0</string>
			</dict>
			<key>isa</key>
			<string>XCBuildConfiguration</string>
			<key>name</key>
			<string>Release</string>
		</dict>
		<key>604BFF982D238122004DA734</key>
		<dict>
			<key>buildConfigurations</key>
			<array>
				<string>604BFF992D238122004DA734</string>
				<string>604BFF9A2D238122004DA734</string>
			</array>
			<key>defaultConfigurationIsVisible</key>
			<string>0</string>
			<key>defaultConfigurationName</key>
			<string>Release</string>
			<key>isa</key>
			<string>XCConfigurationList</string>
		</dict>
		<key>604BFF992D238122004DA734</key>
		<dict>
			<key>buildSettings</key>
			<dict>
				<key>CODE_SIGN_STYLE</key>
				<string>Automatic</string>
				<key>CURRENT_PROJECT_VERSION</key>
				<string>4</string>
				<key>GENERATE_INFOPLIST_FILE</key>
				<string>YES</string>
				<key>MARKETING_VERSION</key>
				<string>1.1</string>
				<key>PRODUCT_BUNDLE_IDENTIFIER</key>
				<string>pjloury.AerialLandscapesUITests</string>
				<key>PRODUCT_NAME</key>
				<string>$(TARGET_NAME)</string>
				<key>SWIFT_EMIT_LOC_STRINGS</key>
				<string>NO</string>
				<key>SWIFT_VERSION</key>
				<string>5.0</string>
				<key>TARGETED_DEVICE_FAMILY</key>
				<string>3</string>
				<key>TEST_TARGET_NAME</key>
				<string>AerialLandscapes</string>
			</dict>
			<key>isa</key>
			<string>XCBuildConfiguration</string>
			<key>name</key>
			<string>Debug</string>
		</dict>
		<key>604BFF9A2D238122004DA734</key>
		<dict>
			<key>buildSettings</key>
			<dict>
				<key>CODE_SIGN_STYLE</key>
				<string>Automatic</string>
				<key>CURRENT_PROJECT_VERSION</key>
				<string>4</string>
				<key>GENERATE_INFOPLIST_FILE</key>
				<string>YES</string>
				<key>MARKETING_VERSION</key>
				<string>1.1</string>
				<key>PRODUCT_BUNDLE_IDENTIFIER</key>
				<string>pjloury.AerialLandscapesUITests</string>
				<key>PRODUCT_NAME</key>
				<string>$(TARGET_NAME)</string>
				<key>SWIFT_EMIT_LOC_STRINGS</key>
				<string>NO</string>
				<key>SWIFT_VERSION</key>
				<string>5.0</string>
				<key>TARGETED_DEVICE_FAMILY</key>
				<string>3</string>
				<key>TEST_TARGET_NAME</key>
				<string>AerialLandscapes</string>
			</dict>
			<key>isa</key>
			<string>XCBuildConfiguration</string>
			<key>name</key>
			<string>Release</string>
		</dict>
		<key>AA0000012D238122004DA734</key>
		<dict>
			<key>isa</key>
			<string>PBXFileReference</string>
			<key>lastKnownFileType</key>
			<string>wrapper.framework</string>
			<key>name</key>
			<string>WebKit.framework</string>
			<key>path</key>
			<string>System/Library/Frameworks/WebKit.framework</string>
			<key>sourceTree</key>
			<string>SDKROOT</string>
		</dict>
		<key>AA0000032D238122004DA734</key>
		<dict>
			<key>children</key>
			<array>
				<string>AA0000012D238122004DA734</string>
			</array>
			<key>isa</key>
			<string>PBXGroup</string>
			<key>name</key>
			<string>Frameworks</string>
			<key>sourceTree</key>
			<string>&lt;group&gt;</string>
		</dict>
		<key>AA0001012D238122004DA734</key>
		<dict>
			<key>explicitFileType</key>
			<string>wrapper.application</string>
			<key>includeInIndex</key>
			<string>0</string>
			<key>isa</key>
			<string>PBXFileReference</string>
			<key>name</key>
			<string>AerialLandscapesMac.app</string>
			<key>path</key>
			<string>Aerial Landscapes.app</string>
			<key>sourceTree</key>
			<string>BUILT_PRODUCTS_DIR</string>
		</dict>
		<key>AA0001022D238122004DA734</key>
		<dict>
			<key>isa</key>
			<string>PBXFileSystemSynchronizedRootGroup</string>
			<key>path</key>
			<string>MacWallpaper</string>
			<key>sourceTree</key>
			<string>&lt;group&gt;</string>
		</dict>
		<key>AA0001032D238122004DA734</key>
		<dict>
			<key>buildActionMask</key>
			<string>2147483647</string>
			<key>files</key>
			<array/>
			<key>isa</key>
			<string>PBXSourcesBuildPhase</string>
			<key>runOnlyForDeploymentPostprocessing</key>
			<string>0</string>
		</dict>
		<key>AA0001042D238122004DA734</key>
		<dict>
			<key>buildActionMask</key>
			<string>2147483647</string>
			<key>files</key>
			<array/>
			<key>isa</key>
			<string>PBXFrameworksBuildPhase</string>
			<key>runOnlyForDeploymentPostprocessing</key>
			<string>0</string>
		</dict>
		<key>AA0001052D238122004DA734</key>
		<dict>
			<key>buildActionMask</key>
			<string>2147483647</string>
			<key>files</key>
			<array/>
			<key>isa</key>
			<string>PBXResourcesBuildPhase</string>
			<key>runOnlyForDeploymentPostprocessing</key>
			<string>0</string>
		</dict>
		<key>AA0001062D238122004DA734</key>
		<dict>
			<key>buildConfigurationList</key>
			<string>AA0001092D238122004DA734</string>
			<key>buildPhases</key>
			<array>
				<string>AA0001032D238122004DA734</string>
				<string>AA0001042D238122004DA734</string>
				<string>AA0001052D238122004DA734</string>
				<string>CC0002000000000000000001</string>
			</array>
			<key>buildRules</key>
			<array/>
			<key>dependencies</key>
			<array>
				<string>CC0002020000000000000001</string>
			</array>
			<key>fileSystemSynchronizedGroups</key>
			<array>
				<string>AA0001022D238122004DA734</string>
				<string>CC0001000000000000000001</string>
			</array>
			<key>isa</key>
			<string>PBXNativeTarget</string>
			<key>name</key>
			<string>AerialLandscapesMac</string>
			<key>packageProductDependencies</key>
			<array/>
			<key>productName</key>
			<string>AerialLandscapesMac</string>
			<key>productReference</key>
			<string>AA0001012D238122004DA734</string>
			<key>productType</key>
			<string>com.apple.product-type.application</string>
		</dict>
		<key>AA0001072D238122004DA734</key>
		<dict>
			<key>buildSettings</key>
			<dict>
				<key>ASSETCATALOG_COMPILER_APPICON_NAME</key>
				<string>AppIcon</string>
				<key>CODE_SIGN_ENTITLEMENTS</key>
				<string>MacWallpaper/Resources/MacWallpaper.entitlements</string>
				<key>CODE_SIGN_STYLE</key>
				<string>Automatic</string>
				<key>CURRENT_PROJECT_VERSION</key>
				<string>1</string>
				<key>DEAD_CODE_STRIPPING</key>
				<string>YES</string>
				<key>ENABLE_APP_SANDBOX</key>
				<string>NO</string>
				<key>ENABLE_HARDENED_RUNTIME</key>
				<string>YES</string>
				<key>ENABLE_OUTGOING_NETWORK_CONNECTIONS</key>
				<string>YES</string>
				<key>GENERATE_INFOPLIST_FILE</key>
				<string>YES</string>
				<key>INFOPLIST_KEY_CFBundleDisplayName</key>
				<string>Aerial Landscapes</string>
				<key>INFOPLIST_KEY_LSApplicationCategoryType</key>
				<string>public.app-category.entertainment</string>
				<key>INFOPLIST_KEY_LSUIElement</key>
				<string>YES</string>
				<key>INFOPLIST_KEY_NSHumanReadableCopyright</key>
				<string>Copyright © 2026 PJ Loury. All rights reserved.</string>
				<key>INFOPLIST_KEY_NSPrincipalClass</key>
				<string>NSApplication</string>
				<key>LD_RUNPATH_SEARCH_PATHS</key>
				<array>
					<string>$(inherited)</string>
					<string>@executable_path/../Frameworks</string>
				</array>
				<key>MACOSX_DEPLOYMENT_TARGET</key>
				<string>13.0</string>
				<key>MARKETING_VERSION</key>
				<string>1.0</string>
				<key>PRODUCT_BUNDLE_IDENTIFIER</key>
				<string>com.pjloury.aerial-landscapes-wallpaper</string>
				<key>PRODUCT_NAME</key>
				<string>Aerial Landscapes</string>
				<key>SDKROOT</key>
				<string>macosx</string>
				<key>SWIFT_VERSION</key>
				<string>5.0</string>
			</dict>
			<key>isa</key>
			<string>XCBuildConfiguration</string>
			<key>name</key>
			<string>Debug</string>
		</dict>
		<key>AA0001082D238122004DA734</key>
		<dict>
			<key>buildSettings</key>
			<dict>
				<key>ASSETCATALOG_COMPILER_APPICON_NAME</key>
				<string>AppIcon</string>
				<key>CODE_SIGN_ENTITLEMENTS</key>
				<string>MacWallpaper/Resources/MacWallpaper.entitlements</string>
				<key>CODE_SIGN_STYLE</key>
				<string>Automatic</string>
				<key>CURRENT_PROJECT_VERSION</key>
				<string>1</string>
				<key>DEAD_CODE_STRIPPING</key>
				<string>YES</string>
				<key>ENABLE_APP_SANDBOX</key>
				<string>NO</string>
				<key>ENABLE_HARDENED_RUNTIME</key>
				<string>YES</string>
				<key>ENABLE_OUTGOING_NETWORK_CONNECTIONS</key>
				<string>YES</string>
				<key>GENERATE_INFOPLIST_FILE</key>
				<string>YES</string>
				<key>INFOPLIST_KEY_CFBundleDisplayName</key>
				<string>Aerial Landscapes</string>
				<key>INFOPLIST_KEY_LSApplicationCategoryType</key>
				<string>public.app-category.entertainment</string>
				<key>INFOPLIST_KEY_LSUIElement</key>
				<string>YES</string>
				<key>INFOPLIST_KEY_NSHumanReadableCopyright</key>
				<string>Copyright © 2026 PJ Loury. All rights reserved.</string>
				<key>INFOPLIST_KEY_NSPrincipalClass</key>
				<string>NSApplication</string>
				<key>LD_RUNPATH_SEARCH_PATHS</key>
				<array>
					<string>$(inherited)</string>
					<string>@executable_path/../Frameworks</string>
				</array>
				<key>MACOSX_DEPLOYMENT_TARGET</key>
				<string>13.0</string>
				<key>MARKETING_VERSION</key>
				<string>1.0</string>
				<key>PRODUCT_BUNDLE_IDENTIFIER</key>
				<string>com.pjloury.aerial-landscapes-wallpaper</string>
				<key>PRODUCT_NAME</key>
				<string>Aerial Landscapes</string>
				<key>SDKROOT</key>
				<string>macosx</string>
				<key>SWIFT_COMPILATION_MODE</key>
				<string>wholemodule</string>
				<key>SWIFT_VERSION</key>
				<string>5.0</string>
			</dict>
			<key>isa</key>
			<string>XCBuildConfiguration</string>
			<key>name</key>
			<string>Release</string>
		</dict>
		<key>AA0001092D238122004DA734</key>
		<dict>
			<key>buildConfigurations</key>
			<array>
				<string>AA0001072D238122004DA734</string>
				<string>AA0001082D238122004DA734</string>
			</array>
			<key>defaultConfigurationIsVisible</key>
			<string>0</string>
			<key>defaultConfigurationName</key>
			<string>Release</string>
			<key>isa</key>
			<string>XCConfigurationList</string>
		</dict>
		<key>BB0001010000000000000001</key>
		<dict>
			<key>explicitFileType</key>
			<string>wrapper.application</string>
			<key>includeInIndex</key>
			<string>0</string>
			<key>isa</key>
			<string>PBXFileReference</string>
			<key>path</key>
			<string>AerialLandscapesIOS.app</string>
			<key>sourceTree</key>
			<string>BUILT_PRODUCTS_DIR</string>
		</dict>
		<key>BB0001020000000000000001</key>
		<dict>
			<key>fileEncoding</key>
			<string>4</string>
			<key>isa</key>
			<string>PBXFileReference</string>
			<key>lastKnownFileType</key>
			<string>sourcecode.swift</string>
			<key>path</key>
			<string>App.swift</string>
			<key>sourceTree</key>
			<string>&lt;group&gt;</string>
		</dict>
		<key>BB0001030000000000000001</key>
		<dict>
			<key>fileEncoding</key>
			<string>4</string>
			<key>isa</key>
			<string>PBXFileReference</string>
			<key>lastKnownFileType</key>
			<string>sourcecode.swift</string>
			<key>path</key>
			<string>ContentView.swift</string>
			<key>sourceTree</key>
			<string>&lt;group&gt;</string>
		</dict>
		<key>BB0001040000000000000001</key>
		<dict>
			<key>fileEncoding</key>
			<string>4</string>
			<key>isa</key>
			<string>PBXFileReference</string>
			<key>lastKnownFileType</key>
			<string>sourcecode.swift</string>
			<key>path</key>
			<string>WebView.swift</string>
			<key>sourceTree</key>
			<string>&lt;group&gt;</string>
		</dict>
		<key>BB0001050000000000000001</key>
		<dict>
			<key>isa</key>
			<string>PBXFileReference</string>
			<key>lastKnownFileType</key>
			<string>folder.assetcatalog</string>
			<key>name</key>
			<string>Assets.xcassets</string>
			<key>path</key>
			<string>Resources/Assets.xcassets</string>
			<key>sourceTree</key>
			<string>&lt;group&gt;</string>
		</dict>
		<key>BB0001060000000000000001</key>
		<dict>
			<key>children</key>
			<array>
				<string>BB0001020000000000000001</string>
				<string>BB0001030000000000000001</string>
				<string>BB0001040000000000000001</string>
				<string>BB0001050000000000000001</string>
			</array>
			<key>isa</key>
			<string>PBXGroup</string>
			<key>path</key>
			<string>AerialLandscapesIOS</string>
			<key>sourceTree</key>
			<string>&lt;group&gt;</string>
		</dict>
		<key>BB0001070000000000000001</key>
		<dict>
			<key>buildActionMask</key>
			<string>2147483647</string>
			<key>files</key>
			<array>
				<string>BB0001200000000000000001</string>
				<string>BB0001210000000000000001</string>
				<string>BB0001220000000000000001</string>
			</array>
			<key>isa</key>
			<string>PBXSourcesBuildPhase</string>
			<key>runOnlyForDeploymentPostprocessing</key>
			<string>0</string>
		</dict>
		<key>BB0001080000000000000001</key>
		<dict>
			<key>buildActionMask</key>
			<string>2147483647</string>
			<key>files</key>
			<array/>
			<key>isa</key>
			<string>PBXFrameworksBuildPhase</string>
			<key>runOnlyForDeploymentPostprocessing</key>
			<string>0</string>
		</dict>
		<key>BB0001090000000000000001</key>
		<dict>
			<key>buildActionMask</key>
			<string>2147483647</string>
			<key>files</key>
			<array>
				<string>BB0001230000000000000001</string>
			</array>
			<key>isa</key>
			<string>PBXResourcesBuildPhase</string>
			<key>runOnlyForDeploymentPostprocessing</key>
			<string>0</string>
		</dict>
		<key>BB0001100000000000000001</key>
		<dict>
			<key>buildConfigurationList</key>
			<string>BB0001130000000000000001</string>
			<key>buildPhases</key>
			<array>
				<string>BB0001070000000000000001</string>
				<string>BB0001080000000000000001</string>
				<string>BB0001090000000000000001</string>
			</array>
			<key>buildRules</key>
			<array/>
			<key>dependencies</key>
			<array/>
			<key>isa</key>
			<string>PBXNativeTarget</string>
			<key>name</key>
			<string>AerialLandscapesIOS</string>
			<key>productName</key>
			<string>AerialLandscapesIOS</string>
			<key>productReference</key>
			<string>BB0001010000000000000001</string>
			<key>productType</key>
			<string>com.apple.product-type.application</string>
		</dict>
		<key>BB0001110000000000000001</key>
		<dict>
			<key>buildSettings</key>
			<dict>
				<key>ASSETCATALOG_COMPILER_APPICON_NAME</key>
				<string>AppIcon</string>
				<key>CODE_SIGN_IDENTITY</key>
				<string>Apple Development</string>
				<key>CODE_SIGN_STYLE</key>
				<string>Automatic</string>
				<key>CURRENT_PROJECT_VERSION</key>
				<string>4</string>
				<key>DEBUG_INFORMATION_FORMAT</key>
				<string>dwarf</string>
				<key>GENERATE_INFOPLIST_FILE</key>
				<string>YES</string>
				<key>INFOPLIST_KEY_CFBundleDisplayName</key>
				<string>Aerial</string>
				<key>INFOPLIST_KEY_UILaunchScreen_BackgroundColor</key>
				<string>#000000</string>
				<key>INFOPLIST_KEY_UILaunchScreen_Generation</key>
				<string>YES</string>
				<key>INFOPLIST_KEY_UILaunchScreen_Image</key>
				<string>LaunchIcon</string>
				<key>INFOPLIST_KEY_UILaunchScreen_Image_respectsSystemDarkModePreference</key>
				<string>NO</string>
				<key>INFOPLIST_KEY_UIStatusBarStyle</key>
				<string>UIStatusBarStyleLightContent</string>
				<key>INFOPLIST_KEY_UISupportedInterfaceOrientations_iPad</key>
				<string>UIInterfaceOrientationPortrait UIInterfaceOrientationLandscapeLeft UIInterfaceOrientationLandscapeRight UIInterfaceOrientationPortraitUpsideDown</string>
				<key>INFOPLIST_KEY_UISupportedInterfaceOrientations_iPhone</key>
				<string>UIInterfaceOrientationPortrait UIInterfaceOrientationLandscapeLeft UIInterfaceOrientationLandscapeRight UIInterfaceOrientationPortraitUpsideDown</string>
				<key>INFOPLIST_KEY_UIViewControllerBasedStatusBarAppearance</key>
				<string>NO</string>
				<key>IPHONEOS_DEPLOYMENT_TARGET</key>
				<string>16.0</string>
				<key>LD_RUNPATH_SEARCH_PATHS</key>
				<array>
					<string>$(inherited)</string>
					<string>@executable_path/Frameworks</string>
				</array>
				<key>MARKETING_VERSION</key>
				<string>1.3</string>
				<key>PRODUCT_BUNDLE_IDENTIFIER</key>
				<string>pjloury.AerialLandscapes</string>
				<key>PRODUCT_NAME</key>
				<string>$(TARGET_NAME)</string>
				<key>PROVISIONING_PROFILE_SPECIFIER</key>
				<string></string>
				<key>SDKROOT</key>
				<string>iphoneos</string>
				<key>SUPPORTED_PLATFORMS</key>
				<string>iphoneos iphonesimulator</string>
				<key>SWIFT_EMIT_LOC_STRINGS</key>
				<string>YES</string>
				<key>SWIFT_VERSION</key>
				<string>5.0</string>
				<key>TARGETED_DEVICE_FAMILY</key>
				<string>1,2</string>
			</dict>
			<key>isa</key>
			<string>XCBuildConfiguration</string>
			<key>name</key>
			<string>Debug</string>
		</dict>
		<key>BB0001120000000000000001</key>
		<dict>
			<key>buildSettings</key>
			<dict>
				<key>ASSETCATALOG_COMPILER_APPICON_NAME</key>
				<string>AppIcon</string>
				<key>CODE_SIGN_IDENTITY</key>
				<string>Apple Development</string>
				<key>CODE_SIGN_STYLE</key>
				<string>Automatic</string>
				<key>CURRENT_PROJECT_VERSION</key>
				<string>4</string>
				<key>DEBUG_INFORMATION_FORMAT</key>
				<string>dwarf-with-dsym</string>
				<key>GENERATE_INFOPLIST_FILE</key>
				<string>YES</string>
				<key>INFOPLIST_KEY_CFBundleDisplayName</key>
				<string>Aerial</string>
				<key>INFOPLIST_KEY_UILaunchScreen_BackgroundColor</key>
				<string>#000000</string>
				<key>INFOPLIST_KEY_UILaunchScreen_Generation</key>
				<string>YES</string>
				<key>INFOPLIST_KEY_UILaunchScreen_Image</key>
				<string>LaunchIcon</string>
				<key>INFOPLIST_KEY_UILaunchScreen_Image_respectsSystemDarkModePreference</key>
				<string>NO</string>
				<key>INFOPLIST_KEY_UIStatusBarStyle</key>
				<string>UIStatusBarStyleLightContent</string>
				<key>INFOPLIST_KEY_UISupportedInterfaceOrientations_iPad</key>
				<string>UIInterfaceOrientationPortrait UIInterfaceOrientationLandscapeLeft UIInterfaceOrientationLandscapeRight UIInterfaceOrientationPortraitUpsideDown</string>
				<key>INFOPLIST_KEY_UISupportedInterfaceOrientations_iPhone</key>
				<string>UIInterfaceOrientationPortrait UIInterfaceOrientationLandscapeLeft UIInterfaceOrientationLandscapeRight UIInterfaceOrientationPortraitUpsideDown</string>
				<key>INFOPLIST_KEY_UIViewControllerBasedStatusBarAppearance</key>
				<string>NO</string>
				<key>IPHONEOS_DEPLOYMENT_TARGET</key>
				<string>16.0</string>
				<key>LD_RUNPATH_SEARCH_PATHS</key>
				<array>
					<string>$(inherited)</string>
					<string>@executable_path/Frameworks</string>
				</array>
				<key>MARKETING_VERSION</key>
				<string>1.3</string>
				<key>PRODUCT_BUNDLE_IDENTIFIER</key>
				<string>pjloury.AerialLandscapes</string>
				<key>PRODUCT_NAME</key>
				<string>$(TARGET_NAME)</string>
				<key>PROVISIONING_PROFILE_SPECIFIER</key>
				<string></string>
				<key>SDKROOT</key>
				<string>iphoneos</string>
				<key>SUPPORTED_PLATFORMS</key>
				<string>iphoneos iphonesimulator</string>
				<key>SWIFT_EMIT_LOC_STRINGS</key>
				<string>YES</string>
				<key>SWIFT_VERSION</key>
				<string>5.0</string>
				<key>TARGETED_DEVICE_FAMILY</key>
				<string>1,2</string>
			</dict>
			<key>isa</key>
			<string>XCBuildConfiguration</string>
			<key>name</key>
			<string>Release</string>
		</dict>
		<key>BB0001130000000000000001</key>
		<dict>
			<key>buildConfigurations</key>
			<array>
				<string>BB0001110000000000000001</string>
				<string>BB0001120000000000000001</string>
			</array>
			<key>defaultConfigurationIsVisible</key>
			<string>0</string>
			<key>defaultConfigurationName</key>
			<string>Release</string>
			<key>isa</key>
			<string>XCConfigurationList</string>
		</dict>
		<key>BB0001200000000000000001</key>
		<dict>
			<key>fileRef</key>
			<string>BB0001020000000000000001</string>
			<key>isa</key>
			<string>PBXBuildFile</string>
		</dict>
		<key>BB0001210000000000000001</key>
		<dict>
			<key>fileRef</key>
			<string>BB0001030000000000000001</string>
			<key>isa</key>
			<string>PBXBuildFile</string>
		</dict>
		<key>BB0001220000000000000001</key>
		<dict>
			<key>fileRef</key>
			<string>BB0001040000000000000001</string>
			<key>isa</key>
			<string>PBXBuildFile</string>
		</dict>
		<key>BB0001230000000000000001</key>
		<dict>
			<key>fileRef</key>
			<string>BB0001050000000000000001</string>
			<key>isa</key>
			<string>PBXBuildFile</string>
		</dict>
		<key>CC0001000000000000000001</key>
		<dict>
			<key>isa</key>
			<string>PBXFileSystemSynchronizedRootGroup</string>
			<key>path</key>
			<string>MacEngine</string>
			<key>sourceTree</key>
			<string>&lt;group&gt;</string>
		</dict>
		<key>CC0001010000000000000001</key>
		<dict>
			<key>isa</key>
			<string>PBXFileSystemSynchronizedRootGroup</string>
			<key>path</key>
			<string>MacScreenSaver</string>
			<key>sourceTree</key>
			<string>&lt;group&gt;</string>
		</dict>
		<key>CC0001020000000000000001</key>
		<dict>
			<key>explicitFileType</key>
			<string>wrapper.cfbundle</string>
			<key>includeInIndex</key>
			<string>0</string>
			<key>isa</key>
			<string>PBXFileReference</string>
			<key>name</key>
			<string>AerialLandscapesSaver.saver</string>
			<key>path</key>
			<string>Aerial Landscapes Screen Saver.saver</string>
			<key>sourceTree</key>
			<string>BUILT_PRODUCTS_DIR</string>
		</dict>
		<key>CC0001030000000000000001</key>
		<dict>
			<key>buildActionMask</key>
			<string>2147483647</string>
			<key>files</key>
			<array/>
			<key>isa</key>
			<string>PBXSourcesBuildPhase</string>
			<key>runOnlyForDeploymentPostprocessing</key>
			<string>0</string>
		</dict>
		<key>CC0001040000000000000001</key>
		<dict>
			<key>buildActionMask</key>
			<string>2147483647</string>
			<key>files</key>
			<array/>
			<key>isa</key>
			<string>PBXFrameworksBuildPhase</string>
			<key>runOnlyForDeploymentPostprocessing</key>
			<string>0</string>
		</dict>
		<key>CC0001050000000000000001</key>
		<dict>
			<key>buildActionMask</key>
			<string>2147483647</string>
			<key>files</key>
			<array/>
			<key>isa</key>
			<string>PBXResourcesBuildPhase</string>
			<key>runOnlyForDeploymentPostprocessing</key>
			<string>0</string>
		</dict>
		<key>CC0001060000000000000001</key>
		<dict>
			<key>buildSettings</key>
			<dict>
				<key>CODE_SIGN_STYLE</key>
				<string>Automatic</string>
				<key>COMBINE_HIDPI_IMAGES</key>
				<string>YES</string>
				<key>CURRENT_PROJECT_VERSION</key>
				<string>1</string>
				<key>DEAD_CODE_STRIPPING</key>
				<string>YES</string>
				<key>DEBUG_INFORMATION_FORMAT</key>
				<string>dwarf</string>
				<key>DEVELOPMENT_TEAM</key>
				<string>D2GRT69L42</string>
				<key>GENERATE_INFOPLIST_FILE</key>
				<string>YES</string>
				<key>INFOPLIST_KEY_CFBundleDisplayName</key>
				<string>Aerial Landscapes</string>
				<key>INFOPLIST_KEY_NSHumanReadableCopyright</key>
				<string>Copyright © 2026 PJ Loury. All rights reserved.</string>
				<key>INFOPLIST_KEY_NSPrincipalClass</key>
				<string>AerialScreenSaverView</string>
				<key>LD_RUNPATH_SEARCH_PATHS</key>
				<array>
					<string>$(inherited)</string>
					<string>@executable_path/../Frameworks</string>
					<string>@loader_path/../Frameworks</string>
				</array>
				<key>MACOSX_DEPLOYMENT_TARGET</key>
				<string>13.0</string>
				<key>MARKETING_VERSION</key>
				<string>1.0</string>
				<key>PRODUCT_BUNDLE_IDENTIFIER</key>
				<string>com.pjloury.aerial-landscapes-saver</string>
				<key>PRODUCT_NAME</key>
				<string>Aerial Landscapes Screen Saver</string>
				<key>SDKROOT</key>
				<string>macosx</string>
				<key>SKIP_INSTALL</key>
				<string>YES</string>
				<key>SWIFT_VERSION</key>
				<string>5.0</string>
				<key>WRAPPER_EXTENSION</key>
				<string>saver</string>
			</dict>
			<key>isa</key>
			<string>XCBuildConfiguration</string>
			<key>name</key>
			<string>Debug</string>
		</dict>
		<key>CC0001070000000000000001</key>
		<dict>
			<key>buildSettings</key>
			<dict>
				<key>CODE_SIGN_STYLE</key>
				<string>Automatic</string>
				<key>COMBINE_HIDPI_IMAGES</key>
				<string>YES</string>
				<key>CURRENT_PROJECT_VERSION</key>
				<string>1</string>
				<key>DEAD_CODE_STRIPPING</key>
				<string>YES</string>
				<key>DEBUG_INFORMATION_FORMAT</key>
				<string>dwarf-with-dsym</string>
				<key>DEVELOPMENT_TEAM</key>
				<string>D2GRT69L42</string>
				<key>GENERATE_INFOPLIST_FILE</key>
				<string>YES</string>
				<key>INFOPLIST_KEY_CFBundleDisplayName</key>
				<string>Aerial Landscapes</string>
				<key>INFOPLIST_KEY_NSHumanReadableCopyright</key>
				<string>Copyright © 2026 PJ Loury. All rights reserved.</string>
				<key>INFOPLIST_KEY_NSPrincipalClass</key>
				<string>AerialScreenSaverView</string>
				<key>LD_RUNPATH_SEARCH_PATHS</key>
				<array>
					<string>$(inherited)</string>
					<string>@executable_path/../Frameworks</string>
					<string>@loader_path/../Frameworks</string>
				</array>
				<key>MACOSX_DEPLOYMENT_TARGET</key>
				<string>13.0</string>
				<key>MARKETING_VERSION</key>
				<string>1.0</string>
				<key>PRODUCT_BUNDLE_IDENTIFIER</key>
				<string>com.pjloury.aerial-landscapes-saver</string>
				<key>PRODUCT_NAME</key>
				<string>Aerial Landscapes Screen Saver</string>
				<key>SDKROOT</key>
				<string>macosx</string>
				<key>SKIP_INSTALL</key>
				<string>YES</string>
				<key>SWIFT_COMPILATION_MODE</key>
				<string>wholemodule</string>
				<key>SWIFT_VERSION</key>
				<string>5.0</string>
				<key>WRAPPER_EXTENSION</key>
				<string>saver</string>
			</dict>
			<key>isa</key>
			<string>XCBuildConfiguration</string>
			<key>name</key>
			<string>Release</string>
		</dict>
		<key>CC0001080000000000000001</key>
		<dict>
			<key>buildConfigurations</key>
			<array>
				<string>CC0001060000000000000001</string>
				<string>CC0001070000000000000001</string>
			</array>
			<key>defaultConfigurationIsVisible</key>
			<string>0</string>
			<key>defaultConfigurationName</key>
			<string>Release</string>
			<key>isa</key>
			<string>XCConfigurationList</string>
		</dict>
		<key>CC0001090000000000000001</key>
		<dict>
			<key>buildConfigurationList</key>
			<string>CC0001080000000000000001</string>
			<key>buildPhases</key>
			<array>
				<string>CC0001030000000000000001</string>
				<string>CC0001040000000000000001</string>
				<string>CC0001050000000000000001</string>
			</array>
			<key>buildRules</key>
			<array/>
			<key>dependencies</key>
			<array/>
			<key>fileSystemSynchronizedGroups</key>
			<array>
				<string>CC0001000000000000000001</string>
				<string>CC0001010000000000000001</string>
			</array>
			<key>isa</key>
			<string>PBXNativeTarget</string>
			<key>name</key>
			<string>AerialLandscapesSaver</string>
			<key>productName</key>
			<string>AerialLandscapesSaver</string>
			<key>productReference</key>
			<string>CC0001020000000000000001</string>
			<key>productType</key>
			<string>com.apple.product-type.bundle</string>
		</dict>
		<key>CC0002000000000000000001</key>
		<dict>
			<key>buildActionMask</key>
			<string>2147483647</string>
			<key>dstPath</key>
			<string></string>
			<key>dstSubfolderSpec</key>
			<string>13</string>
			<key>files</key>
			<array>
				<string>CC0002010000000000000001</string>
			</array>
			<key>isa</key>
			<string>PBXCopyFilesBuildPhase</string>
			<key>name</key>
			<string>Embed Screen Saver</string>
			<key>runOnlyForDeploymentPostprocessing</key>
			<string>0</string>
		</dict>
		<key>CC0002010000000000000001</key>
		<dict>
			<key>fileRef</key>
			<string>CC0001020000000000000001</string>
			<key>isa</key>
			<string>PBXBuildFile</string>
			<key>settings</key>
			<dict>
				<key>ATTRIBUTES</key>
				<array>
					<string>CodeSignOnCopy</string>
					<string>RemoveHeadersOnCopy</string>
				</array>
			</dict>
		</dict>
		<key>CC0002020000000000000001</key>
		<dict>
			<key>isa</key>
			<string>PBXTargetDependency</string>
			<key>target</key>
			<string>CC0001090000000000000001</string>
			<key>targetProxy</key>
			<string>CC0002030000000000000001</string>
		</dict>
		<key>CC0002030000000000000001</key>
		<dict>
			<key>containerPortal</key>
			<string>604BFF662D238120004DA734</string>
			<key>isa</key>
			<string>PBXContainerItemProxy</string>
			<key>proxyType</key>
			<string>1</string>
			<key>remoteGlobalIDString</key>
			<string>CC0001090000000000000001</string>
			<key>remoteInfo</key>
			<string>AerialLandscapesSaver</string>
		</dict>
		<key>DD0001000000000000000001</key>
		<dict>
			<key>explicitFileType</key>
			<string>wrapper.application</string>
			<key>includeInIndex</key>
			<string>0</string>
			<key>isa</key>
			<string>PBXFileReference</string>
			<key>path</key>
			<string>Aerial Landscapes.app</string>
			<key>sourceTree</key>
			<string>BUILT_PRODUCTS_DIR</string>
		</dict>
		<key>DD0001010000000000000001</key>
		<dict>
			<key>buildActionMask</key>
			<string>2147483647</string>
			<key>files</key>
			<array/>
			<key>isa</key>
			<string>PBXSourcesBuildPhase</string>
			<key>runOnlyForDeploymentPostprocessing</key>
			<string>0</string>
		</dict>
		<key>DD0001020000000000000001</key>
		<dict>
			<key>buildActionMask</key>
			<string>2147483647</string>
			<key>files</key>
			<array/>
			<key>isa</key>
			<string>PBXFrameworksBuildPhase</string>
			<key>runOnlyForDeploymentPostprocessing</key>
			<string>0</string>
		</dict>
		<key>DD0001030000000000000001</key>
		<dict>
			<key>buildActionMask</key>
			<string>2147483647</string>
			<key>files</key>
			<array/>
			<key>isa</key>
			<string>PBXResourcesBuildPhase</string>
			<key>runOnlyForDeploymentPostprocessing</key>
			<string>0</string>
		</dict>
		<key>DD0001040000000000000001</key>
		<dict>
			<key>buildSettings</key>
			<dict>
				<key>ASSETCATALOG_COMPILER_APPICON_NAME</key>
				<string>AppIcon</string>
				<key>CODE_SIGN_ENTITLEMENTS</key>
				<string>MacWallpaper/Resources/MacWallpaper-MAS.entitlements</string>
				<key>CODE_SIGN_STYLE</key>
				<string>Automatic</string>
				<key>CURRENT_PROJECT_VERSION</key>
				<string>3</string>
				<key>DEBUG_INFORMATION_FORMAT</key>
				<string>dwarf</string>
				<key>DEVELOPMENT_TEAM</key>
				<string>D2GRT69L42</string>
				<key>ENABLE_APP_SANDBOX</key>
				<string>YES</string>
				<key>GENERATE_INFOPLIST_FILE</key>
				<string>YES</string>
				<key>INFOPLIST_KEY_CFBundleDisplayName</key>
				<string>Aerial Landscapes</string>
				<key>INFOPLIST_KEY_LSApplicationCategoryType</key>
				<string>public.app-category.entertainment</string>
				<key>INFOPLIST_KEY_LSUIElement</key>
				<string>YES</string>
				<key>INFOPLIST_KEY_NSHumanReadableCopyright</key>
				<string>Copyright © 2026 PJ Loury. All rights reserved.</string>
				<key>INFOPLIST_KEY_NSPrincipalClass</key>
				<string>NSApplication</string>
				<key>LD_RUNPATH_SEARCH_PATHS</key>
				<array>
					<string>$(inherited)</string>
					<string>@executable_path/../Frameworks</string>
				</array>
				<key>MACOSX_DEPLOYMENT_TARGET</key>
				<string>13.0</string>
				<key>MARKETING_VERSION</key>
				<string>1.2</string>
				<key>OBJROOT</key>
				<string>$(PROJECT_DIR)/build-mas</string>
				<key>PRODUCT_BUNDLE_IDENTIFIER</key>
				<string>com.pjloury.aerial-landscapes-wallpaper</string>
				<key>PRODUCT_MODULE_NAME</key>
				<string>AerialLandscapesMAS</string>
				<key>PRODUCT_NAME</key>
				<string>Aerial Landscapes</string>
				<key>SDKROOT</key>
				<string>macosx</string>
				<key>SWIFT_ACTIVE_COMPILATION_CONDITIONS</key>
				<string>$(inherited) DEBUG MAS</string>
				<key>SWIFT_VERSION</key>
				<string>5.0</string>
				<key>SYMROOT</key>
				<string>$(PROJECT_DIR)/build-mas</string>
			</dict>
			<key>isa</key>
			<string>XCBuildConfiguration</string>
			<key>name</key>
			<string>Debug</string>
		</dict>
		<key>DD0001050000000000000001</key>
		<dict>
			<key>buildSettings</key>
			<dict>
				<key>ASSETCATALOG_COMPILER_APPICON_NAME</key>
				<string>AppIcon</string>
				<key>CODE_SIGN_ENTITLEMENTS</key>
				<string>MacWallpaper/Resources/MacWallpaper-MAS.entitlements</string>
				<key>CODE_SIGN_STYLE</key>
				<string>Automatic</string>
				<key>CURRENT_PROJECT_VERSION</key>
				<string>3</string>
				<key>DEBUG_INFORMATION_FORMAT</key>
				<string>dwarf-with-dsym</string>
				<key>DEVELOPMENT_TEAM</key>
				<string>D2GRT69L42</string>
				<key>ENABLE_APP_SANDBOX</key>
				<string>YES</string>
				<key>GENERATE_INFOPLIST_FILE</key>
				<string>YES</string>
				<key>INFOPLIST_KEY_CFBundleDisplayName</key>
				<string>Aerial Landscapes</string>
				<key>INFOPLIST_KEY_LSApplicationCategoryType</key>
				<string>public.app-category.entertainment</string>
				<key>INFOPLIST_KEY_LSUIElement</key>
				<string>YES</string>
				<key>INFOPLIST_KEY_NSHumanReadableCopyright</key>
				<string>Copyright © 2026 PJ Loury. All rights reserved.</string>
				<key>INFOPLIST_KEY_NSPrincipalClass</key>
				<string>NSApplication</string>
				<key>LD_RUNPATH_SEARCH_PATHS</key>
				<array>
					<string>$(inherited)</string>
					<string>@executable_path/../Frameworks</string>
				</array>
				<key>MACOSX_DEPLOYMENT_TARGET</key>
				<string>13.0</string>
				<key>MARKETING_VERSION</key>
				<string>1.2</string>
				<key>OBJROOT</key>
				<string>$(PROJECT_DIR)/build-mas</string>
				<key>PRODUCT_BUNDLE_IDENTIFIER</key>
				<string>com.pjloury.aerial-landscapes-wallpaper</string>
				<key>PRODUCT_MODULE_NAME</key>
				<string>AerialLandscapesMAS</string>
				<key>PRODUCT_NAME</key>
				<string>Aerial Landscapes</string>
				<key>SDKROOT</key>
				<string>macosx</string>
				<key>SWIFT_ACTIVE_COMPILATION_CONDITIONS</key>
				<string>$(inherited) MAS</string>
				<key>SWIFT_COMPILATION_MODE</key>
				<string>wholemodule</string>
				<key>SWIFT_VERSION</key>
				<string>5.0</string>
				<key>SYMROOT</key>
				<string>$(PROJECT_DIR)/build-mas</string>
			</dict>
			<key>isa</key>
			<string>XCBuildConfiguration</string>
			<key>name</key>
			<string>Release</string>
		</dict>
		<key>DD0001060000000000000001</key>
		<dict>
			<key>buildConfigurations</key>
			<array>
				<string>DD0001040000000000000001</string>
				<string>DD0001050000000000000001</string>
			</array>
			<key>defaultConfigurationIsVisible</key>
			<string>0</string>
			<key>defaultConfigurationName</key>
			<string>Release</string>
			<key>isa</key>
			<string>XCConfigurationList</string>
		</dict>
		<key>DD0001070000000000000001</key>
		<dict>
			<key>buildConfigurationList</key>
			<string>DD0001060000000000000001</string>
			<key>buildPhases</key>
			<array>
				<string>DD0001010000000000000001</string>
				<string>DD0001020000000000000001</string>
				<string>DD0001030000000000000001</string>
				<string>DD0002000000000000000001</string>
			</array>
			<key>buildRules</key>
			<array/>
			<key>dependencies</key>
			<array>
				<string>DD0002020000000000000001</string>
			</array>
			<key>fileSystemSynchronizedGroups</key>
			<array>
				<string>AA0001022D238122004DA734</string>
				<string>CC0001000000000000000001</string>
			</array>
			<key>isa</key>
			<string>PBXNativeTarget</string>
			<key>name</key>
			<string>AerialLandscapesMacMAS</string>
			<key>productName</key>
			<string>AerialLandscapesMacMAS</string>
			<key>productReference</key>
			<string>DD0001000000000000000001</string>
			<key>productType</key>
			<string>com.apple.product-type.application</string>
		</dict>
		<key>DD0002000000000000000001</key>
		<dict>
			<key>buildActionMask</key>
			<string>2147483647</string>
			<key>dstPath</key>
			<string></string>
			<key>dstSubfolderSpec</key>
			<string>13</string>
			<key>files</key>
			<array>
				<string>DD0002010000000000000001</string>
			</array>
			<key>isa</key>
			<string>PBXCopyFilesBuildPhase</string>
			<key>name</key>
			<string>Embed Screen Saver</string>
			<key>runOnlyForDeploymentPostprocessing</key>
			<string>0</string>
		</dict>
		<key>DD0002010000000000000001</key>
		<dict>
			<key>fileRef</key>
			<string>CC0001020000000000000001</string>
			<key>isa</key>
			<string>PBXBuildFile</string>
			<key>settings</key>
			<dict>
				<key>ATTRIBUTES</key>
				<array>
					<string>CodeSignOnCopy</string>
					<string>RemoveHeadersOnCopy</string>
				</array>
			</dict>
		</dict>
		<key>DD0002020000000000000001</key>
		<dict>
			<key>isa</key>
			<string>PBXTargetDependency</string>
			<key>target</key>
			<string>CC0001090000000000000001</string>
			<key>targetProxy</key>
			<string>DD0002030000000000000001</string>
		</dict>
		<key>DD0002030000000000000001</key>
		<dict>
			<key>containerPortal</key>
			<string>604BFF662D238120004DA734</string>
			<key>isa</key>
			<string>PBXContainerItemProxy</string>
			<key>proxyType</key>
			<string>1</string>
			<key>remoteGlobalIDString</key>
			<string>CC0001090000000000000001</string>
			<key>remoteInfo</key>
			<string>AerialLandscapesSaver</string>
		</dict>
	</dict>
	<key>rootObject</key>
	<string>604BFF662D238120004DA734</string>
</dict>
</plist>
