// !$*UTF8*$!
{
	archiveVersion = 1;
	classes = {
	};
	objectVersion = 77;
	objects = {

/* Begin PBXBuildFile section */
		08156EFD8F577F9B0A8F1EAF /* MacWallpaperApp.swift in Sources */ = {isa = PBXBuildFile; fileRef = 6B51FFE6B7AC2E9FA4412B6C /* MacWallpaperApp.swift */; };
		125499C49346D87738FA157E /* StatusBarController.swift in Sources */ = {isa = PBXBuildFile; fileRef = 8CA9327CCA588D1C321D258E /* StatusBarController.swift */; };
		3B41D51035D4C16D35DBD72F /* GlobalHotkeyMonitor.swift in Sources */ = {isa = PBXBuildFile; fileRef = 248E8C498F0AA073E99DDBA0 /* GlobalHotkeyMonitor.swift */; };
		C395F0C7AA490A27BC6D9C12 /* WallpaperPlayerModel.swift in Sources */ = {isa = PBXBuildFile; fileRef = 9CCD1261FFE1374B22D7629A /* WallpaperPlayerModel.swift */; };
		C80E585A713840D89FCB1819 /* WallpaperWindowController.swift in Sources */ = {isa = PBXBuildFile; fileRef = A6F2BC0FF019A150B927E68F /* WallpaperWindowController.swift */; };
		F78FF676FD6C3D68CD56F112 /* VideoPlaylist.swift in Sources */ = {isa = PBXBuildFile; fileRef = AF2F9FA0DFB192A98C9CBC22 /* VideoPlaylist.swift */; };
/* End PBXBuildFile section */

/* Begin PBXFileReference section */
		11ADE720BBC920384E170FC8 /* MacWallpaper.app */ = {isa = PBXFileReference; explicitFileType = wrapper.application; includeInIndex = 0; path = MacWallpaper.app; sourceTree = BUILT_PRODUCTS_DIR; };
		248E8C498F0AA073E99DDBA0 /* GlobalHotkeyMonitor.swift */ = {isa = PBXFileReference; lastKnownFileType = sourcecode.swift; path = GlobalHotkeyMonitor.swift; sourceTree = "<group>"; };
		6B51FFE6B7AC2E9FA4412B6C /* MacWallpaperApp.swift */ = {isa = PBXFileReference; lastKnownFileType = sourcecode.swift; path = MacWallpaperApp.swift; sourceTree = "<group>"; };
		8CA9327CCA588D1C321D258E /* StatusBarController.swift */ = {isa = PBXFileReference; lastKnownFileType = sourcecode.swift; path = StatusBarController.swift; sourceTree = "<group>"; };
		9CCD1261FFE1374B22D7629A /* WallpaperPlayerModel.swift */ = {isa = PBXFileReference; lastKnownFileType = sourcecode.swift; path = WallpaperPlayerModel.swift; sourceTree = "<group>"; };
		A6F2BC0FF019A150B927E68F /* WallpaperWindowController.swift */ = {isa = PBXFileReference; lastKnownFileType = sourcecode.swift; path = WallpaperWindowController.swift; sourceTree = "<group>"; };
		AF2F9FA0DFB192A98C9CBC22 /* VideoPlaylist.swift */ = {isa = PBXFileReference; lastKnownFileType = sourcecode.swift; path = VideoPlaylist.swift; sourceTree = "<group>"; };
/* End PBXFileReference section */

/* Begin PBXGroup section */
		5BF204110006E2B6AA8CF454 /* MacWallpaper */ = {
			isa = PBXGroup;
			children = (
				248E8C498F0AA073E99DDBA0 /* GlobalHotkeyMonitor.swift */,
				6B51FFE6B7AC2E9FA4412B6C /* MacWallpaperApp.swift */,
				8CA9327CCA588D1C321D258E /* StatusBarController.swift */,
				AF2F9FA0DFB192A98C9CBC22 /* VideoPlaylist.swift */,
				9CCD1261FFE1374B22D7629A /* WallpaperPlayerModel.swift */,
				A6F2BC0FF019A150B927E68F /* WallpaperWindowController.swift */,
			);
			name = MacWallpaper;
			path = Sources/MacWallpaper;
			sourceTree = "<group>";
		};
		EBDBFDC42E48A9902A8F94DA = {
			isa = PBXGroup;
			children = (
				5BF204110006E2B6AA8CF454 /* MacWallpaper */,
				F8D4BC5B24161C48D87EB06F /* Products */,
			);
			sourceTree = "<group>";
		};
		F8D4BC5B24161C48D87EB06F /* Products */ = {
			isa = PBXGroup;
			children = (
				11ADE720BBC920384E170FC8 /* MacWallpaper.app */,
			);
			name = Products;
			sourceTree = "<group>";
		};
/* End PBXGroup section */

/* Begin PBXNativeTarget section */
		D87FE2FF202A2729D39E7DA3 /* MacWallpaper */ = {
			isa = PBXNativeTarget;
			buildConfigurationList = D76BEDEF58129FB5ED1ACF17 /* Build configuration list for PBXNativeTarget "MacWallpaper" */;
			buildPhases = (
				5FEA03E46B6056D7B0EF2DC6 /* Sources */,
			);
			buildRules = (
			);
			dependencies = (
			);
			name = MacWallpaper;
			packageProductDependencies = (
			);
			productName = MacWallpaper;
			productReference = 11ADE720BBC920384E170FC8 /* MacWallpaper.app */;
			productType = "com.apple.product-type.application";
		};
/* End PBXNativeTarget section */

/* Begin PBXProject section */
		12011F48E419808B7FF6EA21 /* Project object */ = {
			isa = PBXProject;
			attributes = {
				BuildIndependentTargetsInParallel = YES;
				LastUpgradeCheck = 1430;
			};
			buildConfigurationList = 4F6EDBA25F53679B170419CB /* Build configuration list for PBXProject "MacWallpaper" */;
			developmentRegion = en;
			hasScannedForEncodings = 0;
			knownRegions = (
				Base,
				en,
			);
			mainGroup = EBDBFDC42E48A9902A8F94DA;
			minimizedProjectReferenceProxies = 1;
			preferredProjectObjectVersion = 77;
			productRefGroup = F8D4BC5B24161C48D87EB06F /* Products */;
			projectDirPath = "";
			projectRoot = "";
			targets = (
				D87FE2FF202A2729D39E7DA3 /* MacWallpaper */,
			);
		};
/* End PBXProject section */

/* Begin PBXSourcesBuildPhase section */
		5FEA03E46B6056D7B0EF2DC6 /* Sources */ = {
			isa = PBXSourcesBuildPhase;
			buildActionMask = 2147483647;
			files = (
				3B41D51035D4C16D35DBD72F /* GlobalHotkeyMonitor.swift in Sources */,
				08156EFD8F577F9B0A8F1EAF /* MacWallpaperApp.swift in Sources */,
				125499C49346D87738FA157E /* StatusBarController.swift in Sources */,
				F78FF676FD6C3D68CD56F112 /* VideoPlaylist.swift in Sources */,
				C395F0C7AA490A27BC6D9C12 /* WallpaperPlayerModel.swift in Sources */,
				C80E585A713840D89FCB1819 /* WallpaperWindowController.swift in Sources */,
			);
			runOnlyForDeploymentPostprocessing = 0;
		};
/* End PBXSourcesBuildPhase section */

/* Begin XCBuildConfiguration section */
		0518C9DE6322C574243DEE79 /* Release */ = {
			isa = XCBuildConfiguration;
			buildSettings = {
				ASSETCATALOG_COMPILER_APPICON_NAME = AppIcon;
				CODE_SIGN_ENTITLEMENTS = Resources/MacWallpaper.entitlements;
				CODE_SIGN_IDENTITY = "Apple Development";
				CODE_SIGN_STYLE = Automatic;
				COMBINE_HIDPI_IMAGES = YES;
				DEVELOPMENT_TEAM = "";
				INFOPLIST_FILE = Resources/Info.plist;
				LD_RUNPATH_SEARCH_PATHS = (
					"$(inherited)",
					"@executable_path/../Frameworks",
				);
				PROVISIONING_PROFILE_SPECIFIER = "";
				SDKROOT = macosx;
			};
			name = Release;
		};
		78A88ABA94C0EF68D905827A /* Release */ = {
			isa = XCBuildConfiguration;
			buildSettings = {
				ALWAYS_SEARCH_USER_PATHS = NO;
				CLANG_ANALYZER_NONNULL = YES;
				CLANG_ANALYZER_NUMBER_OBJECT_CONVERSION = YES_AGGRESSIVE;
				CLANG_CXX_LANGUAGE_STANDARD = "gnu++14";
				CLANG_CXX_LIBRARY = "libc++";
				CLANG_ENABLE_MODULES = YES;
				CLANG_ENABLE_OBJC_ARC = YES;
				CLANG_ENABLE_OBJC_WEAK = YES;
				CLANG_WARN_BLOCK_CAPTURE_AUTORELEASING = YES;
				CLANG_WARN_BOOL_CONVERSION = YES;
				CLANG_WARN_COMMA = YES;
				CLANG_WARN_CONSTANT_CONVERSION = YES;
				CLANG_WARN_DEPRECATED_OBJC_IMPLEMENTATIONS = YES;
				CLANG_WARN_DIRECT_OBJC_ISA_USAGE = YES_ERROR;
				CLANG_WARN_DOCUMENTATION_COMMENTS = YES;
				CLANG_WARN_EMPTY_BODY = YES;
				CLANG_WARN_ENUM_CONVERSION = YES;
				CLANG_WARN_INFINITE_RECURSION = YES;
				CLANG_WARN_INT_CONVERSION = YES;
				CLANG_WARN_NON_LITERAL_NULL_CONVERSION = YES;
				CLANG_WARN_OBJC_IMPLICIT_RETAIN_SELF = YES;
				CLANG_WARN_OBJC_LITERAL_CONVERSION = YES;
				CLANG_WARN_OBJC_ROOT_CLASS = YES_ERROR;
				CLANG_WARN_QUOTED_INCLUDE_IN_FRAMEWORK_HEADER = YES;
				CLANG_WARN_RANGE_LOOP_ANALYSIS = YES;
				CLANG_WARN_STRICT_PROTOTYPES = YES;
				CLANG_WARN_SUSPICIOUS_MOVE = YES;
				CLANG_WARN_UNGUARDED_AVAILABILITY = YES_AGGRESSIVE;
				CLANG_WARN_UNREACHABLE_CODE = YES;
				CLANG_WARN__DUPLICATE_METHOD_MATCH = YES;
				COPY_PHASE_STRIP = NO;
				CURRENT_PROJECT_VERSION = 1;
				DEBUG_INFORMATION_FORMAT = "dwarf-with-dsym";
				ENABLE_NS_ASSERTIONS = NO;
				ENABLE_STRICT_OBJC_MSGSEND = YES;
				GCC_C_LANGUAGE_STANDARD = gnu11;
				GCC_NO_COMMON_BLOCKS = YES;
				GCC_WARN_64_TO_32_BIT_CONVERSION = YES;
				GCC_WARN_ABOUT_RETURN_TYPE = YES_ERROR;
				GCC_WARN_UNDECLARED_SELECTOR = YES;
				GCC_WARN_UNINITIALIZED_AUTOS = YES_AGGRESSIVE;
				GCC_WARN_UNUSED_FUNCTION = YES;
				GCC_WARN_UNUSED_VARIABLE = YES;
				MACOSX_DEPLOYMENT_TARGET = 13.0;
				MARKETING_VERSION = 1.0;
				MTL_ENABLE_DEBUG_INFO = NO;
				MTL_FAST_MATH = YES;
				PRODUCT_BUNDLE_IDENTIFIER = "com.pjloury.aerial-landscapes-wallpaper";
				PRODUCT_NAME = MacWallpaper;
				SDKROOT = macosx;
				SWIFT_COMPILATION_MODE = wholemodule;
				SWIFT_OPTIMIZATION_LEVEL = "-O";
				SWIFT_VERSION = 6.0;
			};
			name = Release;
		};
		901D267022E47240AC16AA62 /* Debug */ = {
			isa = XCBuildConfiguration;
			buildSettings = {
				ASSETCATALOG_COMPILER_APPICON_NAME = AppIcon;
				CODE_SIGN_ENTITLEMENTS = Resources/MacWallpaper.entitlements;
				CODE_SIGN_STYLE = Automatic;
				COMBINE_HIDPI_IMAGES = YES;
				DEVELOPMENT_TEAM = "";
				INFOPLIST_FILE = Resources/Info.plist;
				LD_RUNPATH_SEARCH_PATHS = (
					"$(inherited)",
					"@executable_path/../Frameworks",
				);
				SDKROOT = macosx;
			};
			name = Debug;
		};
		CD496638DD89BA95E1ADC6E3 /* Debug */ = {
			isa = XCBuildConfiguration;
			buildSettings = {
				ALWAYS_SEARCH_USER_PATHS = NO;
				CLANG_ANALYZER_NONNULL = YES;
				CLANG_ANALYZER_NUMBER_OBJECT_CONVERSION = YES_AGGRESSIVE;
				CLANG_CXX_LANGUAGE_STANDARD = "gnu++14";
				CLANG_CXX_LIBRARY = "libc++";
				CLANG_ENABLE_MODULES = YES;
				CLANG_ENABLE_OBJC_ARC = YES;
				CLANG_ENABLE_OBJC_WEAK = YES;
				CLANG_WARN_BLOCK_CAPTURE_AUTORELEASING = YES;
				CLANG_WARN_BOOL_CONVERSION = YES;
				CLANG_WARN_COMMA = YES;
				CLANG_WARN_CONSTANT_CONVERSION = YES;
				CLANG_WARN_DEPRECATED_OBJC_IMPLEMENTATIONS = YES;
				CLANG_WARN_DIRECT_OBJC_ISA_USAGE = YES_ERROR;
				CLANG_WARN_DOCUMENTATION_COMMENTS = YES;
				CLANG_WARN_EMPTY_BODY = YES;
				CLANG_WARN_ENUM_CONVERSION = YES;
				CLANG_WARN_INFINITE_RECURSION = YES;
				CLANG_WARN_INT_CONVERSION = YES;
				CLANG_WARN_NON_LITERAL_NULL_CONVERSION = YES;
				CLANG_WARN_OBJC_IMPLICIT_RETAIN_SELF = YES;
				CLANG_WARN_OBJC_LITERAL_CONVERSION = YES;
				CLANG_WARN_OBJC_ROOT_CLASS = YES_ERROR;
				CLANG_WARN_QUOTED_INCLUDE_IN_FRAMEWORK_HEADER = YES;
				CLANG_WARN_RANGE_LOOP_ANALYSIS = YES;
				CLANG_WARN_STRICT_PROTOTYPES = YES;
				CLANG_WARN_SUSPICIOUS_MOVE = YES;
				CLANG_WARN_UNGUARDED_AVAILABILITY = YES_AGGRESSIVE;
				CLANG_WARN_UNREACHABLE_CODE = YES;
				CLANG_WARN__DUPLICATE_METHOD_MATCH = YES;
				COPY_PHASE_STRIP = NO;
				CURRENT_PROJECT_VERSION = 1;
				DEBUG_INFORMATION_FORMAT = dwarf;
				ENABLE_STRICT_OBJC_MSGSEND = YES;
				ENABLE_TESTABILITY = YES;
				GCC_C_LANGUAGE_STANDARD = gnu11;
				GCC_DYNAMIC_NO_PIC = NO;
				GCC_NO_COMMON_BLOCKS = YES;
				GCC_OPTIMIZATION_LEVEL = 0;
				GCC_PREPROCESSOR_DEFINITIONS = (
					"$(inherited)",
					"DEBUG=1",
				);
				GCC_WARN_64_TO_32_BIT_CONVERSION = YES;
				GCC_WARN_ABOUT_RETURN_TYPE = YES_ERROR;
				GCC_WARN_UNDECLARED_SELECTOR = YES;
				GCC_WARN_UNINITIALIZED_AUTOS = YES_AGGRESSIVE;
				GCC_WARN_UNUSED_FUNCTION = YES;
				GCC_WARN_UNUSED_VARIABLE = YES;
				MACOSX_DEPLOYMENT_TARGET = 13.0;
				MARKETING_VERSION = 1.0;
				MTL_ENABLE_DEBUG_INFO = INCLUDE_SOURCE;
				MTL_FAST_MATH = YES;
				ONLY_ACTIVE_ARCH = YES;
				PRODUCT_BUNDLE_IDENTIFIER = "com.pjloury.aerial-landscapes-wallpaper";
				PRODUCT_NAME = MacWallpaper;
				SDKROOT = macosx;
				SWIFT_ACTIVE_COMPILATION_CONDITIONS = DEBUG;
				SWIFT_OPTIMIZATION_LEVEL = "-Onone";
				SWIFT_VERSION = 6.0;
			};
			name = Debug;
		};
/* End XCBuildConfiguration section */

/* Begin XCConfigurationList section */
		4F6EDBA25F53679B170419CB /* Build configuration list for PBXProject "MacWallpaper" */ = {
			isa = XCConfigurationList;
			buildConfigurations = (
				CD496638DD89BA95E1ADC6E3 /* Debug */,
				78A88ABA94C0EF68D905827A /* Release */,
			);
			defaultConfigurationIsVisible = 0;
			defaultConfigurationName = Debug;
		};
		D76BEDEF58129FB5ED1ACF17 /* Build configuration list for PBXNativeTarget "MacWallpaper" */ = {
			isa = XCConfigurationList;
			buildConfigurations = (
				901D267022E47240AC16AA62 /* Debug */,
				0518C9DE6322C574243DEE79 /* Release */,
			);
			defaultConfigurationIsVisible = 0;
			defaultConfigurationName = Debug;
		};
/* End XCConfigurationList section */
	};
	rootObject = 12011F48E419808B7FF6EA21 /* Project object */;
}
