// !$*UTF8*$!
{
	archiveVersion = 1;
	classes = {
	};
	objectVersion = 77;
	objects = {

/* Begin PBXContainerItemProxy section */
		604BFF7F2D238122004DA734 /* PBXContainerItemProxy */ = {
			isa = PBXContainerItemProxy;
			containerPortal = 604BFF662D238120004DA734 /* Project object */;
			proxyType = 1;
			remoteGlobalIDString = 604BFF6D2D238120004DA734;
			remoteInfo = AerialLandscapes;
		};
		604BFF892D238122004DA734 /* PBXContainerItemProxy */ = {
			isa = PBXContainerItemProxy;
			containerPortal = 604BFF662D238120004DA734 /* Project object */;
			proxyType = 1;
			remoteGlobalIDString = 604BFF6D2D238120004DA734;
			remoteInfo = AerialLandscapes;
		};
/* End PBXContainerItemProxy section */

/* Begin PBXFileReference section */
		604BFF6E2D238120004DA734 /* AerialLandscapes.app */ = {isa = PBXFileReference; explicitFileType = wrapper.application; includeInIndex = 0; path = AerialLandscapes.app; sourceTree = BUILT_PRODUCTS_DIR; };
		604BFF7E2D238122004DA734 /* AerialLandscapesTests.xctest */ = {isa = PBXFileReference; explicitFileType = wrapper.cfbundle; includeInIndex = 0; path = AerialLandscapesTests.xctest; sourceTree = BUILT_PRODUCTS_DIR; };
		604BFF882D238122004DA734 /* AerialLandscapesUITests.xctest */ = {isa = PBXFileReference; explicitFileType = wrapper.cfbundle; includeInIndex = 0; path = AerialLandscapesUITests.xctest; sourceTree = BUILT_PRODUCTS_DIR; };
		AA0000012D238122004DA734 /* WebKit.framework */ = {isa = PBXFileReference; lastKnownFileType = wrapper.framework; name = WebKit.framework; path = System/Library/Frameworks/WebKit.framework; sourceTree = SDKROOT; };
/* End PBXFileReference section */

/* Begin PBXFileSystemSynchronizedRootGroup section */
		604BFF702D238120004DA734 /* AerialLandscapes */ = {
			isa = PBXFileSystemSynchronizedRootGroup;
			path = AerialLandscapes;
			sourceTree = "<group>";
		};
		604BFF812D238122004DA734 /* AerialLandscapesTests */ = {
			isa = PBXFileSystemSynchronizedRootGroup;
			path = AerialLandscapesTests;
			sourceTree = "<group>";
		};
		604BFF8B2D238122004DA734 /* AerialLandscapesUITests */ = {
			isa = PBXFileSystemSynchronizedRootGroup;
			path = AerialLandscapesUITests;
			sourceTree = "<group>";
		};
/* End PBXFileSystemSynchronizedRootGroup section */

/* Begin PBXFrameworksBuildPhase section */
		604BFF6B2D238120004DA734 /* Frameworks */ = {
			isa = PBXFrameworksBuildPhase;
			buildActionMask = 2147483647;
			files = (
			);
			runOnlyForDeploymentPostprocessing = 0;
		};
		604BFF7B2D238122004DA734 /* Frameworks */ = {
			isa = PBXFrameworksBuildPhase;
			buildActionMask = 2147483647;
			files = (
			);
			runOnlyForDeploymentPostprocessing = 0;
		};
		604BFF852D238122004DA734 /* Frameworks */ = {
			isa = PBXFrameworksBuildPhase;
			buildActionMask = 2147483647;
			files = (
			);
			runOnlyForDeploymentPostprocessing = 0;
		};
/* End PBXFrameworksBuildPhase section */

/* Begin PBXGroup section */
		604BFF652D238120004DA734 = {
			isa = PBXGroup;
			children = (
				604BFF702D238120004DA734 /* AerialLandscapes */,
				604BFF812D238122004DA734 /* AerialLandscapesTests */,
				604BFF8B2D238122004DA734 /* AerialLandscapesUITests */,
				604BFF6F2D238120004DA734 /* Products */,
				AA0000032D238122004DA734 /* Frameworks */,
			);
			sourceTree = "<group>";
		};
		604BFF6F2D238120004DA734 /* Products */ = {
			isa = PBXGroup;
			children = (
				604BFF6E2D238120004DA734 /* AerialLandscapes.app */,
				604BFF7E2D238122004DA734 /* AerialLandscapesTests.xctest */,
				604BFF882D238122004DA734 /* AerialLandscapesUITests.xctest */,
			);
			name = Products;
			sourceTree = "<group>";
		};
		AA0000032D238122004DA734 /* Frameworks */ = {
			isa = PBXGroup;
			children = (
				AA0000012D238122004DA734 /* WebKit.framework */,
			);
			name = Frameworks;
			sourceTree = "<group>";
		};
/* End PBXGroup section */

/* Begin PBXNativeTarget section */
		604BFF6D2D238120004DA734 /* AerialLandscapes */ = {
			isa = PBXNativeTarget;
			buildConfigurationList = 604BFF922D238122004DA734 /* Build configuration list for PBXNativeTarget "AerialLandscapes" */;
			buildPhases = (
				604BFF6A2D238120004DA734 /* Sources */,
				604BFF6B2D238120004DA734 /* Frameworks */,
				604BFF6C2D238120004DA734 /* Resources */,
			);
			buildRules = (
			);
			dependencies = (
			);
			fileSystemSynchronizedGroups = (
				604BFF702D238120004DA734 /* AerialLandscapes */,
			);
			name = AerialLandscapes;
			packageProductDependencies = (
			);
			productName = AerialLandscapes;
			productReference = 604BFF6E2D238120004DA734 /* AerialLandscapes.app */;
			productType = "com.apple.product-type.application";
		};
		604BFF7D2D238122004DA734 /* AerialLandscapesTests */ = {
			isa = PBXNativeTarget;
			buildConfigurationList = 604BFF952D238122004DA734 /* Build configuration list for PBXNativeTarget "AerialLandscapesTests" */;
			buildPhases = (
				604BFF7A2D238122004DA734 /* Sources */,
				604BFF7B2D238122004DA734 /* Frameworks */,
				604BFF7C2D238122004DA734 /* Resources */,
			);
			buildRules = (
			);
			dependencies = (
				604BFF802D238122004DA734 /* PBXTargetDependency */,
			);
			fileSystemSynchronizedGroups = (
				604BFF812D238122004DA734 /* AerialLandscapesTests */,
			);
			name = AerialLandscapesTests;
			packageProductDependencies = (
			);
			productName = AerialLandscapesTests;
			productReference = 604BFF7E2D238122004DA734 /* AerialLandscapesTests.xctest */;
			productType = "com.apple.product-type.bundle.unit-test";
		};
		604BFF872D238122004DA734 /* AerialLandscapesUITests */ = {
			isa = PBXNativeTarget;
			buildConfigurationList = 604BFF982D238122004DA734 /* Build configuration list for PBXNativeTarget "AerialLandscapesUITests" */;
			buildPhases = (
				604BFF842D238122004DA734 /* Sources */,
				604BFF852D238122004DA734 /* Frameworks */,
				604BFF862D238122004DA734 /* Resources */,
			);
			buildRules = (
			);
			dependencies = (
				604BFF8A2D238122004DA734 /* PBXTargetDependency */,
			);
			fileSystemSynchronizedGroups = (
				604BFF8B2D238122004DA734 /* AerialLandscapesUITests */,
			);
			name = AerialLandscapesUITests;
			packageProductDependencies = (
			);
			productName = AerialLandscapesUITests;
			productReference = 604BFF882D238122004DA734 /* AerialLandscapesUITests.xctest */;
			productType = "com.apple.product-type.bundle.ui-testing";
		};
/* End PBXNativeTarget section */

/* Begin PBXProject section */
		604BFF662D238120004DA734 /* Project object */ = {
			isa = PBXProject;
			attributes = {
				BuildIndependentTargetsInParallel = 1;
				LastSwiftUpdateCheck = 1600;
				LastUpgradeCheck = 1600;
				TargetAttributes = {
					604BFF6D2D238120004DA734 = {
						CreatedOnToolsVersion = 16.0;
					};
					604BFF7D2D238122004DA734 = {
						CreatedOnToolsVersion = 16.0;
						TestTargetID = 604BFF6D2D238120004DA734;
					};
					604BFF872D238122004DA734 = {
						CreatedOnToolsVersion = 16.0;
						TestTargetID = 604BFF6D2D238120004DA734;
					};
				};
			};
			buildConfigurationList = 604BFF692D238120004DA734 /* Build configuration list for PBXProject "AerialLandscapes" */;
			developmentRegion = en;
			hasScannedForEncodings = 0;
			knownRegions = (
				en,
				Base,
			);
			mainGroup = 604BFF652D238120004DA734;
			minimizedProjectReferenceProxies = 1;
			preferredProjectObjectVersion = 77;
			productRefGroup = 604BFF6F2D238120004DA734 /* Products */;
			projectDirPath = "";
			projectRoot = "";
			targets = (
				604BFF6D2D238120004DA734 /* AerialLandscapes */,
				604BFF7D2D238122004DA734 /* AerialLandscapesTests */,
				604BFF872D238122004DA734 /* AerialLandscapesUITests */,
			);
		};
/* End PBXProject section */

/* Begin PBXResourcesBuildPhase section */
		604BFF6C2D238120004DA734 /* Resources */ = {
			isa = PBXResourcesBuildPhase;
			buildActionMask = 2147483647;
			files = (
			);
			runOnlyForDeploymentPostprocessing = 0;
		};
		604BFF7C2D238122004DA734 /* Resources */ = {
			isa = PBXResourcesBuildPhase;
			buildActionMask = 2147483647;
			files = (
			);
			runOnlyForDeploymentPostprocessing = 0;
		};
		604BFF862D238122004DA734 /* Resources */ = {
			isa = PBXResourcesBuildPhase;
			buildActionMask = 2147483647;
			files = (
			);
			runOnlyForDeploymentPostprocessing = 0;
		};
/* End PBXResourcesBuildPhase section */

/* Begin PBXSourcesBuildPhase section */
		604BFF6A2D238120004DA734 /* Sources */ = {
			isa = PBXSourcesBuildPhase;
			buildActionMask = 2147483647;
			files = (
			);
			runOnlyForDeploymentPostprocessing = 0;
		};
		604BFF7A2D238122004DA734 /* Sources */ = {
			isa = PBXSourcesBuildPhase;
			buildActionMask = 2147483647;
			files = (
			);
			runOnlyForDeploymentPostprocessing = 0;
		};
		604BFF842D238122004DA734 /* Sources */ = {
			isa = PBXSourcesBuildPhase;
			buildActionMask = 2147483647;
			files = (
			);
			runOnlyForDeploymentPostprocessing = 0;
		};
/* End PBXSourcesBuildPhase section */

/* Begin PBXTargetDependency section */
		604BFF802D238122004DA734 /* PBXTargetDependency */ = {
			isa = PBXTargetDependency;
			target = 604BFF6D2D238120004DA734 /* AerialLandscapes */;
			targetProxy = 604BFF7F2D238122004DA734 /* PBXContainerItemProxy */;
		};
		604BFF8A2D238122004DA734 /* PBXTargetDependency */ = {
			isa = PBXTargetDependency;
			target = 604BFF6D2D238120004DA734 /* AerialLandscapes */;
			targetProxy = 604BFF892D238122004DA734 /* PBXContainerItemProxy */;
		};
/* End PBXTargetDependency section */

/* Begin XCBuildConfiguration section */
		604BFF902D238122004DA734 /* Debug */ = {
			isa = XCBuildConfiguration;
			buildSettings = {
				ALWAYS_SEARCH_USER_PATHS = NO;
				ASSETCATALOG_COMPILER_GENERATE_SWIFT_ASSET_SYMBOL_EXTENSIONS = YES;
				CLANG_ANALYZER_NONNULL = YES;
				CLANG_ANALYZER_NUMBER_OBJECT_CONVERSION = YES_AGGRESSIVE;
				CLANG_CXX_LANGUAGE_STANDARD = "gnu++20";
				CLANG_ENABLE_MODULES = YES;
				CLANG_ENABLE_OBJC_ARC = YES;
				CLANG_ENABLE_OBJC_WEAK = YES;
				CLANG_WARN_BLOCK_CAPTURE_AUTORELEASING = YES;
				CLANG_WARN_BOOL_CONVERSION = YES;
				CLANG_WARN_COMMA = YES;
				CLANG_WARN_CONSTANT_CONVERSION = YES;
				CLANG_WARN_DEPRECATED_OBJC_IMPLEMENTATIONS = YES;
				CLANG_WARN_DIRECT_OBJC_ISA_USAGE = YES_ERROR;
				CLANG_WARN_DOCUMENTATION_COMMENTS = YES;
				CLANG_WARN_EMPTY_BODY = YES;
				CLANG_WARN_ENUM_CONVERSION = YES;
				CLANG_WARN_INFINITE_RECURSION = YES;
				CLANG_WARN_INT_CONVERSION = YES;
				CLANG_WARN_NON_LITERAL_NULL_CONVERSION = YES;
				CLANG_WARN_OBJC_IMPLICIT_RETAIN_SELF = YES;
				CLANG_WARN_OBJC_LITERAL_CONVERSION = YES;
				CLANG_WARN_OBJC_ROOT_CLASS = YES_ERROR;
				CLANG_WARN_QUOTED_INCLUDE_IN_FRAMEWORK_HEADER = YES;
				CLANG_WARN_RANGE_LOOP_ANALYSIS = YES;
				CLANG_WARN_STRICT_PROTOTYPES = YES;
				CLANG_WARN_SUSPICIOUS_MOVE = YES;
				CLANG_WARN_UNGUARDED_AVAILABILITY = YES_AGGRESSIVE;
				CLANG_WARN_UNREACHABLE_CODE = YES;
				CLANG_WARN__DUPLICATE_METHOD_MATCH = YES;
				COPY_PHASE_STRIP = NO;
				DEBUG_INFORMATION_FORMAT = dwarf;
				ENABLE_STRICT_OBJC_MSGSEND = YES;
				ENABLE_TESTABILITY = YES;
				ENABLE_USER_SCRIPT_SANDBOXING = YES;
				GCC_C_LANGUAGE_STANDARD = gnu17;
				GCC_DYNAMIC_NO_PIC = NO;
				GCC_NO_COMMON_BLOCKS = YES;
				GCC_OPTIMIZATION_LEVEL = 0;
				GCC_PREPROCESSOR_DEFINITIONS = (
					"DEBUG=1",
					"$(inherited)",
				);
				GCC_WARN_64_TO_32_BIT_CONVERSION = YES;
				GCC_WARN_ABOUT_RETURN_TYPE = YES_ERROR;
				GCC_WARN_UNDECLARED_SELECTOR = YES;
				GCC_WARN_UNINITIALIZED_AUTOS = YES_AGGRESSIVE;
				GCC_WARN_UNUSED_FUNCTION = YES;
				GCC_WARN_UNUSED_VARIABLE = YES;
				LOCALIZATION_PREFERS_STRING_CATALOGS = YES;
				MTL_ENABLE_DEBUG_INFO = INCLUDE_SOURCE;
				MTL_FAST_MATH = YES;
				ONLY_ACTIVE_ARCH = YES;
				SDKROOT = appletvos;
				SWIFT_ACTIVE_COMPILATION_CONDITIONS = "DEBUG $(inherited)";
				SWIFT_OPTIMIZATION_LEVEL = "-Onone";
				TVOS_DEPLOYMENT_TARGET = 18.0;
			};
			name = Debug;
		};
		604BFF912D238122004DA734 /* Release */ = {
			isa = XCBuildConfiguration;
			buildSettings = {
				ALWAYS_SEARCH_USER_PATHS = NO;
				ASSETCATALOG_COMPILER_GENERATE_SWIFT_ASSET_SYMBOL_EXTENSIONS = YES;
				CLANG_ANALYZER_NONNULL = YES;
				CLANG_ANALYZER_NUMBER_OBJECT_CONVERSION = YES_AGGRESSIVE;
				CLANG_CXX_LANGUAGE_STANDARD = "gnu++20";
				CLANG_ENABLE_MODULES = YES;
				CLANG_ENABLE_OBJC_ARC = YES;
				CLANG_ENABLE_OBJC_WEAK = YES;
				CLANG_WARN_BLOCK_CAPTURE_AUTORELEASING = YES;
				CLANG_WARN_BOOL_CONVERSION = YES;
				CLANG_WARN_COMMA = YES;
				CLANG_WARN_CONSTANT_CONVERSION = YES;
				CLANG_WARN_DEPRECATED_OBJC_IMPLEMENTATIONS = YES;
				CLANG_WARN_DIRECT_OBJC_ISA_USAGE = YES_ERROR;
				CLANG_WARN_DOCUMENTATION_COMMENTS = YES;
				CLANG_WARN_EMPTY_BODY = YES;
				CLANG_WARN_ENUM_CONVERSION = YES;
				CLANG_WARN_INFINITE_RECURSION = YES;
				CLANG_WARN_INT_CONVERSION = YES;
				CLANG_WARN_NON_LITERAL_NULL_CONVERSION = YES;
				CLANG_WARN_OBJC_IMPLICIT_RETAIN_SELF = YES;
				CLANG_WARN_OBJC_LITERAL_CONVERSION = YES;
				CLANG_WARN_OBJC_ROOT_CLASS = YES_ERROR;
				CLANG_WARN_QUOTED_INCLUDE_IN_FRAMEWORK_HEADER = YES;
				CLANG_WARN_RANGE_LOOP_ANALYSIS = YES;
				CLANG_WARN_STRICT_PROTOTYPES = YES;
				CLANG_WARN_SUSPICIOUS_MOVE = YES;
				CLANG_WARN_UNGUARDED_AVAILABILITY = YES_AGGRESSIVE;
				CLANG_WARN_UNREACHABLE_CODE = YES;
				CLANG_WARN__DUPLICATE_METHOD_MATCH = YES;
				COPY_PHASE_STRIP = NO;
				DEBUG_INFORMATION_FORMAT = "dwarf-with-dsym";
				ENABLE_NS_ASSERTIONS = NO;
				ENABLE_STRICT_OBJC_MSGSEND = YES;
				ENABLE_USER_SCRIPT_SANDBOXING = YES;
				GCC_C_LANGUAGE_STANDARD = gnu17;
				GCC_NO_COMMON_BLOCKS = YES;
				GCC_WARN_64_TO_32_BIT_CONVERSION = YES;
				GCC_WARN_ABOUT_RETURN_TYPE = YES_ERROR;
				GCC_WARN_UNDECLARED_SELECTOR = YES;
				GCC_WARN_UNINITIALIZED_AUTOS = YES_AGGRESSIVE;
				GCC_WARN_UNUSED_FUNCTION = YES;
				GCC_WARN_UNUSED_VARIABLE = YES;
				LOCALIZATION_PREFERS_STRING_CATALOGS = YES;
				MTL_ENABLE_DEBUG_INFO = NO;
				MTL_FAST_MATH = YES;
				SDKROOT = appletvos;
				SWIFT_COMPILATION_MODE = wholemodule;
				TVOS_DEPLOYMENT_TARGET = 18.0;
				VALIDATE_PRODUCT = YES;
			};
			name = Release;
		};
		604BFF932D238122004DA734 /* Debug */ = {
			isa = XCBuildConfiguration;
			buildSettings = {
				ASSETCATALOG_COMPILER_APPICON_NAME = "App Icon & Top Shelf Image";
				ASSETCATALOG_COMPILER_GLOBAL_ACCENT_COLOR_NAME = AccentColor;
				"CODE_SIGN_IDENTITY[sdk=appletvos*]" = "iPhone Distribution";
				CODE_SIGN_STYLE = Manual;
				CURRENT_PROJECT_VERSION = 4;
				DEVELOPMENT_ASSET_PATHS = "\"AerialLandscapes/Preview Content\"";
				DEVELOPMENT_TEAM = "";
				"DEVELOPMENT_TEAM[sdk=appletvos*]" = D2GRT69L42;
				ENABLE_PREVIEWS = YES;
				GENERATE_INFOPLIST_FILE = YES;
				INFOPLIST_KEY_UILaunchScreen_Generation = YES;
				INFOPLIST_KEY_UIUserInterfaceStyle = Automatic;
				LD_RUNPATH_SEARCH_PATHS = (
					"$(inherited)",
					"@executable_path/Frameworks",
				);
				MARKETING_VERSION = 1.1;
				PRODUCT_BUNDLE_IDENTIFIER = pjloury.AerialLandscapes;
				PRODUCT_NAME = "$(TARGET_NAME)";
				PROVISIONING_PROFILE_SPECIFIER = "";
				"PROVISIONING_PROFILE_SPECIFIER[sdk=appletvos*]" = "Aerial Landscapes PP";
				SWIFT_EMIT_LOC_STRINGS = YES;
				SWIFT_VERSION = 5.0;
				TARGETED_DEVICE_FAMILY = 3;
			};
			name = Debug;
		};
		604BFF942D238122004DA734 /* Release */ = {
			isa = XCBuildConfiguration;
			buildSettings = {
				ASSETCATALOG_COMPILER_APPICON_NAME = "App Icon & Top Shelf Image";
				ASSETCATALOG_COMPILER_GLOBAL_ACCENT_COLOR_NAME = AccentColor;
				"CODE_SIGN_IDENTITY[sdk=appletvos*]" = "iPhone Distribution";
				CODE_SIGN_STYLE = Manual;
				CURRENT_PROJECT_VERSION = 4;
				DEVELOPMENT_ASSET_PATHS = "\"AerialLandscapes/Preview Content\"";
				DEVELOPMENT_TEAM = "";
				"DEVELOPMENT_TEAM[sdk=appletvos*]" = D2GRT69L42;
				ENABLE_PREVIEWS = YES;
				GENERATE_INFOPLIST_FILE = YES;
				INFOPLIST_KEY_UILaunchScreen_Generation = YES;
				INFOPLIST_KEY_UIUserInterfaceStyle = Automatic;
				LD_RUNPATH_SEARCH_PATHS = (
					"$(inherited)",
					"@executable_path/Frameworks",
				);
				MARKETING_VERSION = 1.1;
				PRODUCT_BUNDLE_IDENTIFIER = pjloury.AerialLandscapes;
				PRODUCT_NAME = "$(TARGET_NAME)";
				PROVISIONING_PROFILE_SPECIFIER = "";
				"PROVISIONING_PROFILE_SPECIFIER[sdk=appletvos*]" = "Aerial Landscapes PP";
				SWIFT_EMIT_LOC_STRINGS = YES;
				SWIFT_VERSION = 5.0;
				TARGETED_DEVICE_FAMILY = 3;
			};
			name = Release;
		};
		604BFF962D238122004DA734 /* Debug */ = {
			isa = XCBuildConfiguration;
			buildSettings = {
				BUNDLE_LOADER = "$(TEST_HOST)";
				CODE_SIGN_STYLE = Automatic;
				CURRENT_PROJECT_VERSION = 4;
				DEVELOPMENT_TEAM = D2GRT69L42;
				GENERATE_INFOPLIST_FILE = YES;
				MARKETING_VERSION = 1.1;
				PRODUCT_BUNDLE_IDENTIFIER = pjloury.AerialLandscapesTests;
				PRODUCT_NAME = "$(TARGET_NAME)";
				SWIFT_EMIT_LOC_STRINGS = NO;
				SWIFT_VERSION = 5.0;
				TARGETED_DEVICE_FAMILY = 3;
				TEST_HOST = "$(BUILT_PRODUCTS_DIR)/AerialLandscapes.app/$(BUNDLE_EXECUTABLE_FOLDER_PATH)/AerialLandscapes";
				TVOS_DEPLOYMENT_TARGET = 18.0;
			};
			name = Debug;
		};
		604BFF972D238122004DA734 /* Release */ = {
			isa = XCBuildConfiguration;
			buildSettings = {
				BUNDLE_LOADER = "$(TEST_HOST)";
				CODE_SIGN_STYLE = Automatic;
				CURRENT_PROJECT_VERSION = 4;
				DEVELOPMENT_TEAM = D2GRT69L42;
				GENERATE_INFOPLIST_FILE = YES;
				MARKETING_VERSION = 1.1;
				PRODUCT_BUNDLE_IDENTIFIER = pjloury.AerialLandscapesTests;
				PRODUCT_NAME = "$(TARGET_NAME)";
				SWIFT_EMIT_LOC_STRINGS = NO;
				SWIFT_VERSION = 5.0;
				TARGETED_DEVICE_FAMILY = 3;
				TEST_HOST = "$(BUILT_PRODUCTS_DIR)/AerialLandscapes.app/$(BUNDLE_EXECUTABLE_FOLDER_PATH)/AerialLandscapes";
				TVOS_DEPLOYMENT_TARGET = 18.0;
			};
			name = Release;
		};
		604BFF992D238122004DA734 /* Debug */ = {
			isa = XCBuildConfiguration;
			buildSettings = {
				CODE_SIGN_STYLE = Automatic;
				CURRENT_PROJECT_VERSION = 4;
				DEVELOPMENT_TEAM = D2GRT69L42;
				GENERATE_INFOPLIST_FILE = YES;
				MARKETING_VERSION = 1.1;
				PRODUCT_BUNDLE_IDENTIFIER = pjloury.AerialLandscapesUITests;
				PRODUCT_NAME = "$(TARGET_NAME)";
				SWIFT_EMIT_LOC_STRINGS = NO;
				SWIFT_VERSION = 5.0;
				TARGETED_DEVICE_FAMILY = 3;
				TEST_TARGET_NAME = AerialLandscapes;
			};
			name = Debug;
		};
		604BFF9A2D238122004DA734 /* Release */ = {
			isa = XCBuildConfiguration;
			buildSettings = {
				CODE_SIGN_STYLE = Automatic;
				CURRENT_PROJECT_VERSION = 4;
				DEVELOPMENT_TEAM = D2GRT69L42;
				GENERATE_INFOPLIST_FILE = YES;
				MARKETING_VERSION = 1.1;
				PRODUCT_BUNDLE_IDENTIFIER = pjloury.AerialLandscapesUITests;
				PRODUCT_NAME = "$(TARGET_NAME)";
				SWIFT_EMIT_LOC_STRINGS = NO;
				SWIFT_VERSION = 5.0;
				TARGETED_DEVICE_FAMILY = 3;
				TEST_TARGET_NAME = AerialLandscapes;
			};
			name = Release;
		};
/* End XCBuildConfiguration section */

/* Begin XCConfigurationList section */
		604BFF692D238120004DA734 /* Build configuration list for PBXProject "AerialLandscapes" */ = {
			isa = XCConfigurationList;
			buildConfigurations = (
				604BFF902D238122004DA734 /* Debug */,
				604BFF912D238122004DA734 /* Release */,
			);
			defaultConfigurationIsVisible = 0;
			defaultConfigurationName = Release;
		};
		604BFF922D238122004DA734 /* Build configuration list for PBXNativeTarget "AerialLandscapes" */ = {
			isa = XCConfigurationList;
			buildConfigurations = (
				604BFF932D238122004DA734 /* Debug */,
				604BFF942D238122004DA734 /* Release */,
			);
			defaultConfigurationIsVisible = 0;
			defaultConfigurationName = Release;
		};
		604BFF952D238122004DA734 /* Build configuration list for PBXNativeTarget "AerialLandscapesTests" */ = {
			isa = XCConfigurationList;
			buildConfigurations = (
				604BFF962D238122004DA734 /* Debug */,
				604BFF972D238122004DA734 /* Release */,
			);
			defaultConfigurationIsVisible = 0;
			defaultConfigurationName = Release;
		};
		604BFF982D238122004DA734 /* Build configuration list for PBXNativeTarget "AerialLandscapesUITests" */ = {
			isa = XCConfigurationList;
			buildConfigurations = (
				604BFF992D238122004DA734 /* Debug */,
				604BFF9A2D238122004DA734 /* Release */,
			);
			defaultConfigurationIsVisible = 0;
			defaultConfigurationName = Release;
		};
/* End XCConfigurationList section */
	};
	rootObject = 604BFF662D238120004DA734 /* Project object */;
}
